// !$*UTF8*$!
{
	archiveVersion = 1;
	classes = {
	};
	objectVersion = 56;
	objects = {

/* Begin PBXBuildFile section */
		02418208B32E5C9C12D0F8EA /* Pods_SeeShow.framework in Frameworks */ = {isa = PBXBuildFile; fileRef = 1F691CBA7D21085F985029CB /* Pods_SeeShow.framework */; };
		6A1D1D772910A59B0087410A /* AppDelegate.swift in Sources */ = {isa = PBXBuildFile; fileRef = 6A1D1D762910A59B0087410A /* AppDelegate.swift */; };
		6A1D1D792910A59B0087410A /* SceneDelegate.swift in Sources */ = {isa = PBXBuildFile; fileRef = 6A1D1D782910A59B0087410A /* SceneDelegate.swift */; };
		6A1D1D802910A59C0087410A /* Assets.xcassets in Resources */ = {isa = PBXBuildFile; fileRef = 6A1D1D7F2910A59C0087410A /* Assets.xcassets */; };
		6A1D1D832910A59C0087410A /* LaunchScreen.storyboard in Resources */ = {isa = PBXBuildFile; fileRef = 6A1D1D812910A59C0087410A /* LaunchScreen.storyboard */; };
		6A1D1D8E2910A59C0087410A /* SeeShowTests.swift in Sources */ = {isa = PBXBuildFile; fileRef = 6A1D1D8D2910A59C0087410A /* SeeShowTests.swift */; };
		6A1D1D982910A59C0087410A /* SeeShowUITests.swift in Sources */ = {isa = PBXBuildFile; fileRef = 6A1D1D972910A59C0087410A /* SeeShowUITests.swift */; };
		6A1D1D9A2910A59C0087410A /* SeeShowUITestsLaunchTests.swift in Sources */ = {isa = PBXBuildFile; fileRef = 6A1D1D992910A59C0087410A /* SeeShowUITestsLaunchTests.swift */; };
		6A1D1DA72910A69D0087410A /* TabBarController.swift in Sources */ = {isa = PBXBuildFile; fileRef = 6A1D1DA62910A69D0087410A /* TabBarController.swift */; };
		6A1D1DAD2910A7070087410A /* MainViewController.swift in Sources */ = {isa = PBXBuildFile; fileRef = 6A1D1DAC2910A7070087410A /* MainViewController.swift */; };
		6A1D1DAF2910A7100087410A /* CategoryViewController.swift in Sources */ = {isa = PBXBuildFile; fileRef = 6A1D1DAE2910A7100087410A /* CategoryViewController.swift */; };
		6A1D1DB12910A7190087410A /* MapViewController.swift in Sources */ = {isa = PBXBuildFile; fileRef = 6A1D1DB02910A7190087410A /* MapViewController.swift */; };
		6A1D1DB32910A8AA0087410A /* README.md in Resources */ = {isa = PBXBuildFile; fileRef = 6A1D1DB22910A8AA0087410A /* README.md */; };
		6A1D1DB82910F42A0087410A /* BannerCell.swift in Sources */ = {isa = PBXBuildFile; fileRef = 6A1D1DB72910F42A0087410A /* BannerCell.swift */; };
		6A1D1DBB2910F4650087410A /* BannerItemCell.swift in Sources */ = {isa = PBXBuildFile; fileRef = 6A1D1DBA2910F4650087410A /* BannerItemCell.swift */; };
		6A1D1DBE2910F47A0087410A /* CategoryCell.swift in Sources */ = {isa = PBXBuildFile; fileRef = 6A1D1DBD2910F47A0087410A /* CategoryCell.swift */; };
		6A1D1DC02910F6AD0087410A /* BoxOfficeModel.swift in Sources */ = {isa = PBXBuildFile; fileRef = 6A1D1DBF2910F6AD0087410A /* BoxOfficeModel.swift */; };
		6A1D1DC32910F6DA0087410A /* KopisAPIService.swift in Sources */ = {isa = PBXBuildFile; fileRef = 6A1D1DC22910F6DA0087410A /* KopisAPIService.swift */; };
		6A1D1DC62910F73E0087410A /* Constants.swift in Sources */ = {isa = PBXBuildFile; fileRef = 6A1D1DC52910F73E0087410A /* Constants.swift */; };
		6A1D1DC92910F77C0087410A /* BoxOfficeStore.swift in Sources */ = {isa = PBXBuildFile; fileRef = 6A1D1DC82910F77C0087410A /* BoxOfficeStore.swift */; };
		6A1D1DCB2910F7B00087410A /* MainViewModel.swift in Sources */ = {isa = PBXBuildFile; fileRef = 6A1D1DCA2910F7B00087410A /* MainViewModel.swift */; };
		6A1D1DCD2910F7DA0087410A /* ViewBoxOffice.swift in Sources */ = {isa = PBXBuildFile; fileRef = 6A1D1DCC2910F7DA0087410A /* ViewBoxOffice.swift */; };
		6A2D7B962917A08600FFE52D /* DetailModel.swift in Sources */ = {isa = PBXBuildFile; fileRef = 6A2D7B952917A08600FFE52D /* DetailModel.swift */; };
		6A2D7B982917A40F00FFE52D /* ViewDetail.swift in Sources */ = {isa = PBXBuildFile; fileRef = 6A2D7B972917A40F00FFE52D /* ViewDetail.swift */; };
		6A2D7B9A2918AE6800FFE52D /* DetailStore.swift in Sources */ = {isa = PBXBuildFile; fileRef = 6A2D7B992918AE6800FFE52D /* DetailStore.swift */; };
		6A2D7B9D291AA3E200FFE52D /* DetailPosterDefaultStackView.swift in Sources */ = {isa = PBXBuildFile; fileRef = 6A2D7B9C291AA3E200FFE52D /* DetailPosterDefaultStackView.swift */; };
		6A2D7B9F291AB34900FFE52D /* KopisAPICommonCode.swift in Sources */ = {isa = PBXBuildFile; fileRef = 6A2D7B9E291AB34900FFE52D /* KopisAPICommonCode.swift */; };
		6A3CB2A8292E829100D0D83E /* CategoryViewHeader.swift in Sources */ = {isa = PBXBuildFile; fileRef = 6A3CB2A7292E829100D0D83E /* CategoryViewHeader.swift */; };
		6A3CB2AC292EBE3700D0D83E /* CultureAPIService.swift in Sources */ = {isa = PBXBuildFile; fileRef = 6A3CB2AB292EBE3700D0D83E /* CultureAPIService.swift */; };
		6A3CB2AE292EBECF00D0D83E /* CultureAPIConstant.swift in Sources */ = {isa = PBXBuildFile; fileRef = 6A3CB2AD292EBECF00D0D83E /* CultureAPIConstant.swift */; };
		6A3CB2B3292F0B9100D0D83E /* CultureModel.swift in Sources */ = {isa = PBXBuildFile; fileRef = 6A3CB2B2292F0B9100D0D83E /* CultureModel.swift */; };
		6A3CB2B7292F116300D0D83E /* ViewCulture.swift in Sources */ = {isa = PBXBuildFile; fileRef = 6A3CB2B6292F116300D0D83E /* ViewCulture.swift */; };
		6A3CB2B9292F16B000D0D83E /* CultureStore.swift in Sources */ = {isa = PBXBuildFile; fileRef = 6A3CB2B8292F16B000D0D83E /* CultureStore.swift */; };
		6A3CB2BB292F18F300D0D83E /* MapViewModel.swift in Sources */ = {isa = PBXBuildFile; fileRef = 6A3CB2BA292F18F300D0D83E /* MapViewModel.swift */; };
		6A40940B292AFDAE00752691 /* MainNavigationBar.swift in Sources */ = {isa = PBXBuildFile; fileRef = 6A40940A292AFDAE00752691 /* MainNavigationBar.swift */; };
		6A40940D292AFDD300752691 /* UIColor+Ext.swift in Sources */ = {isa = PBXBuildFile; fileRef = 6A40940C292AFDD300752691 /* UIColor+Ext.swift */; };
		6A40940F292AFE6900752691 /* CategoryDecorationView.swift in Sources */ = {isa = PBXBuildFile; fileRef = 6A40940E292AFE6900752691 /* CategoryDecorationView.swift */; };
		6A409411292BA38900752691 /* DetailNavigationBar.swift in Sources */ = {isa = PBXBuildFile; fileRef = 6A409410292BA38900752691 /* DetailNavigationBar.swift */; };
		6A60917829378932005CB62E /* BottomSheetView.swift in Sources */ = {isa = PBXBuildFile; fileRef = 6A60917729378932005CB62E /* BottomSheetView.swift */; };
		6A60917A2938CB5E005CB62E /* BottomSheetViewModel.swift in Sources */ = {isa = PBXBuildFile; fileRef = 6A6091792938CB5E005CB62E /* BottomSheetViewModel.swift */; };
		6A60917D2938CC15005CB62E /* CultureDetailStore.swift in Sources */ = {isa = PBXBuildFile; fileRef = 6A60917C2938CC15005CB62E /* CultureDetailStore.swift */; };
		6A6091802938CC40005CB62E /* CultureDetailModel.swift in Sources */ = {isa = PBXBuildFile; fileRef = 6A60917F2938CC40005CB62E /* CultureDetailModel.swift */; };
		6A6091822938CED8005CB62E /* ViewCultureDetail.swift in Sources */ = {isa = PBXBuildFile; fileRef = 6A6091812938CED8005CB62E /* ViewCultureDetail.swift */; };
		6A6091842938F786005CB62E /* MapMarkerModel.swift in Sources */ = {isa = PBXBuildFile; fileRef = 6A6091832938F786005CB62E /* MapMarkerModel.swift */; };
		6A6B7A16292323000088F029 /* CategoryViewModel.swift in Sources */ = {isa = PBXBuildFile; fileRef = 6A6B7A15292323000088F029 /* CategoryViewModel.swift */; };
		6A6B7A192923240A0088F029 /* AllPageViewController.swift in Sources */ = {isa = PBXBuildFile; fileRef = 6A6B7A182923240A0088F029 /* AllPageViewController.swift */; };
		6A6B7A1B292324670088F029 /* TheaterPageViewController.swift in Sources */ = {isa = PBXBuildFile; fileRef = 6A6B7A1A292324670088F029 /* TheaterPageViewController.swift */; };
		6A6B7A1D292324970088F029 /* MusicalPageViewController.swift in Sources */ = {isa = PBXBuildFile; fileRef = 6A6B7A1C292324970088F029 /* MusicalPageViewController.swift */; };
		6A6B7A1F2923255E0088F029 /* OperaPageViewController.swift in Sources */ = {isa = PBXBuildFile; fileRef = 6A6B7A1E2923255E0088F029 /* OperaPageViewController.swift */; };
		6A6B7A21292325720088F029 /* DancePageViewController.swift in Sources */ = {isa = PBXBuildFile; fileRef = 6A6B7A20292325720088F029 /* DancePageViewController.swift */; };
		6A6B7A232923258A0088F029 /* KoreanMusicPageViewController.swift in Sources */ = {isa = PBXBuildFile; fileRef = 6A6B7A222923258A0088F029 /* KoreanMusicPageViewController.swift */; };
		6A6B7A25292325A00088F029 /* ComplexityPageViewController.swift in Sources */ = {isa = PBXBuildFile; fileRef = 6A6B7A24292325A00088F029 /* ComplexityPageViewController.swift */; };
		6A6B7A27292325B40088F029 /* KidsPageViewController.swift in Sources */ = {isa = PBXBuildFile; fileRef = 6A6B7A26292325B40088F029 /* KidsPageViewController.swift */; };
		6A6B7A29292325C20088F029 /* OpenRunPageViewController.swift in Sources */ = {isa = PBXBuildFile; fileRef = 6A6B7A28292325C20088F029 /* OpenRunPageViewController.swift */; };
		6A6B7A2B292326670088F029 /* ViewPagerCell.swift in Sources */ = {isa = PBXBuildFile; fileRef = 6A6B7A2A292326670088F029 /* ViewPagerCell.swift */; };
		6A6B7A2D292367C80088F029 /* ClassicPageViewController.swift in Sources */ = {isa = PBXBuildFile; fileRef = 6A6B7A2C292367C80088F029 /* ClassicPageViewController.swift */; };
		6A787D1A2921C39500442719 /* CategoryModel.swift in Sources */ = {isa = PBXBuildFile; fileRef = 6A787D192921C39500442719 /* CategoryModel.swift */; };
		6A787D242921C9CF00442719 /* ViewCategoryData.swift in Sources */ = {isa = PBXBuildFile; fileRef = 6A787D232921C9CF00442719 /* ViewCategoryData.swift */; };
		6A787D2E29222CCC00442719 /* PageBoxOfficeStore.swift in Sources */ = {isa = PBXBuildFile; fileRef = 6A787D2D29222CCC00442719 /* PageBoxOfficeStore.swift */; };
		6A787D3429223C1900442719 /* PageSectionModel.swift in Sources */ = {isa = PBXBuildFile; fileRef = 6A787D3329223C1900442719 /* PageSectionModel.swift */; };
		6A7BA28A291250D5004266E1 /* MainSectionModel.swift in Sources */ = {isa = PBXBuildFile; fileRef = 6A7BA289291250D5004266E1 /* MainSectionModel.swift */; };
		6A7BA28D291289D4004266E1 /* KidsCell.swift in Sources */ = {isa = PBXBuildFile; fileRef = 6A7BA28C291289D4004266E1 /* KidsCell.swift */; };
		6A7CF66D291BCBB4004C14CD /* TheaterCell.swift in Sources */ = {isa = PBXBuildFile; fileRef = 6A7CF66C291BCBB4004C14CD /* TheaterCell.swift */; };
		6A7CF66F291BE9E7004C14CD /* MainCollectionViewCell.swift in Sources */ = {isa = PBXBuildFile; fileRef = 6A7CF66E291BE9E7004C14CD /* MainCollectionViewCell.swift */; };
		6A7CF673291BEB17004C14CD /* UNICell.swift in Sources */ = {isa = PBXBuildFile; fileRef = 6A7CF672291BEB17004C14CD /* UNICell.swift */; };
		6A7CF677291BED1C004C14CD /* OpenRunCell.swift in Sources */ = {isa = PBXBuildFile; fileRef = 6A7CF676291BED1C004C14CD /* OpenRunCell.swift */; };
		6A7CF679291BF82A004C14CD /* MainSectionHeader.swift in Sources */ = {isa = PBXBuildFile; fileRef = 6A7CF678291BF82A004C14CD /* MainSectionHeader.swift */; };
		6A7CF67B291BF87A004C14CD /* TheaterHeader.swift in Sources */ = {isa = PBXBuildFile; fileRef = 6A7CF67A291BF87A004C14CD /* TheaterHeader.swift */; };
		6A7CF67D291BF8B3004C14CD /* UNIHeader.swift in Sources */ = {isa = PBXBuildFile; fileRef = 6A7CF67C291BF8B3004C14CD /* UNIHeader.swift */; };
		6A7CF67F291BF8D5004C14CD /* OpenRunHeader.swift in Sources */ = {isa = PBXBuildFile; fileRef = 6A7CF67E291BF8D5004C14CD /* OpenRunHeader.swift */; };
		6A88DC4E293D1FB900E9EB51 /* Settings.bundle in Resources */ = {isa = PBXBuildFile; fileRef = 6A88DC4D293D1FB900E9EB51 /* Settings.bundle */; };
		6A88DC50293DCC5300E9EB51 /* String+Ext.swift in Sources */ = {isa = PBXBuildFile; fileRef = 6A88DC4F293DCC5300E9EB51 /* String+Ext.swift */; };
		6A8B1BC5293A41A4006CD62F /* MainLoadingView.swift in Sources */ = {isa = PBXBuildFile; fileRef = 6A8B1BC4293A41A4006CD62F /* MainLoadingView.swift */; };
		6A8C11C2292CBC0000396491 /* CALayer+Ext.swift in Sources */ = {isa = PBXBuildFile; fileRef = 6A8C11C1292CBC0000396491 /* CALayer+Ext.swift */; };
		6A8C11C4292D3FC500396491 /* DefaultDetailPosterView.swift in Sources */ = {isa = PBXBuildFile; fileRef = 6A8C11C3292D3FC500396491 /* DefaultDetailPosterView.swift */; };
		6A8C11C6292DB9FE00396491 /* PageViewController.swift in Sources */ = {isa = PBXBuildFile; fileRef = 6A8C11C5292DB9FE00396491 /* PageViewController.swift */; };
		6AC814EA29137E1F00FCA392 /* KidsSectionHeader.swift in Sources */ = {isa = PBXBuildFile; fileRef = 6AC814E929137E1F00FCA392 /* KidsSectionHeader.swift */; };
		6AC814ED2914B1FD00FCA392 /* UIImageView+Ext.swift in Sources */ = {isa = PBXBuildFile; fileRef = 6AC814EC2914B1FD00FCA392 /* UIImageView+Ext.swift */; };
		6AC814EF2914CFBE00FCA392 /* ImagePlaceholderView.swift in Sources */ = {isa = PBXBuildFile; fileRef = 6AC814EE2914CFBE00FCA392 /* ImagePlaceholderView.swift */; };
		6AC814F72914E0A200FCA392 /* NotoSansKR-Medium.otf in Resources */ = {isa = PBXBuildFile; fileRef = 6AC814F12914E0A200FCA392 /* NotoSansKR-Medium.otf */; };
		6AC814F82914E0A200FCA392 /* NotoSansKR-Regular.otf in Resources */ = {isa = PBXBuildFile; fileRef = 6AC814F22914E0A200FCA392 /* NotoSansKR-Regular.otf */; };
		6AC814F92914E0A200FCA392 /* NotoSansKR-Thin.otf in Resources */ = {isa = PBXBuildFile; fileRef = 6AC814F32914E0A200FCA392 /* NotoSansKR-Thin.otf */; };
		6AC814FA2914E0A200FCA392 /* NotoSansKR-Bold.otf in Resources */ = {isa = PBXBuildFile; fileRef = 6AC814F42914E0A200FCA392 /* NotoSansKR-Bold.otf */; };
		6AC814FB2914E0A200FCA392 /* NotoSansKR-Black.otf in Resources */ = {isa = PBXBuildFile; fileRef = 6AC814F52914E0A200FCA392 /* NotoSansKR-Black.otf */; };
		6AC814FC2914E0A200FCA392 /* NotoSansKR-Light.otf in Resources */ = {isa = PBXBuildFile; fileRef = 6AC814F62914E0A200FCA392 /* NotoSansKR-Light.otf */; };
		6AC814FF2914E14100FCA392 /* UIFont+Ext.swift in Sources */ = {isa = PBXBuildFile; fileRef = 6AC814FE2914E14100FCA392 /* UIFont+Ext.swift */; };
		6AC815012914E16500FCA392 /* UILabel+Ext.swift in Sources */ = {isa = PBXBuildFile; fileRef = 6AC815002914E16500FCA392 /* UILabel+Ext.swift */; };
		6AC815032914E18400FCA392 /* UIViewController+Ext.swift in Sources */ = {isa = PBXBuildFile; fileRef = 6AC815022914E18400FCA392 /* UIViewController+Ext.swift */; };
		6AC815052914E19E00FCA392 /* UIView+Ext.swift in Sources */ = {isa = PBXBuildFile; fileRef = 6AC815042914E19E00FCA392 /* UIView+Ext.swift */; };
		6AC815072914E68100FCA392 /* DetailViewController.swift in Sources */ = {isa = PBXBuildFile; fileRef = 6AC815062914E68100FCA392 /* DetailViewController.swift */; };
		6AC8150D291508BA00FCA392 /* DetailViewModel.swift in Sources */ = {isa = PBXBuildFile; fileRef = 6AC8150C291508BA00FCA392 /* DetailViewModel.swift */; };
		6AEAFCC6293B1BF900D79C8E /* PageLoadingView.swift in Sources */ = {isa = PBXBuildFile; fileRef = 6AEAFCC5293B1BF900D79C8E /* PageLoadingView.swift */; };
		6AF0C3AA2923A0A600FC9007 /* PageViewModel.swift in Sources */ = {isa = PBXBuildFile; fileRef = 6AF0C3A92923A0A600FC9007 /* PageViewModel.swift */; };
		6AF0C3AE2923A7C200FC9007 /* PageCell.swift in Sources */ = {isa = PBXBuildFile; fileRef = 6AF0C3AD2923A7C200FC9007 /* PageCell.swift */; };
		89D71EDA6DE89B4C6D16A6F6 /* Pods_SeeShowTests.framework in Frameworks */ = {isa = PBXBuildFile; fileRef = AC70E28F493948EB30004D56 /* Pods_SeeShowTests.framework */; };
		E3F3FFC72CFB83F09565204C /* Pods_SeeShow_SeeShowUITests.framework in Frameworks */ = {isa = PBXBuildFile; fileRef = B88C1BBEDC2AFC50677F29E7 /* Pods_SeeShow_SeeShowUITests.framework */; };
/* End PBXBuildFile section */

/* Begin PBXContainerItemProxy section */
		6A1D1D8A2910A59C0087410A /* PBXContainerItemProxy */ = {
			isa = PBXContainerItemProxy;
			containerPortal = 6A1D1D6B2910A59B0087410A /* Project object */;
			proxyType = 1;
			remoteGlobalIDString = 6A1D1D722910A59B0087410A;
			remoteInfo = SeeShow;
		};
		6A1D1D942910A59C0087410A /* PBXContainerItemProxy */ = {
			isa = PBXContainerItemProxy;
			containerPortal = 6A1D1D6B2910A59B0087410A /* Project object */;
			proxyType = 1;
			remoteGlobalIDString = 6A1D1D722910A59B0087410A;
			remoteInfo = SeeShow;
		};
/* End PBXContainerItemProxy section */

/* Begin PBXFileReference section */
		1C06B5ECCC226B43BAC44BBC /* Pods-SeeShowTests.release.xcconfig */ = {isa = PBXFileReference; includeInIndex = 1; lastKnownFileType = text.xcconfig; name = "Pods-SeeShowTests.release.xcconfig"; path = "Target Support Files/Pods-SeeShowTests/Pods-SeeShowTests.release.xcconfig"; sourceTree = "<group>"; };
		1F691CBA7D21085F985029CB /* Pods_SeeShow.framework */ = {isa = PBXFileReference; explicitFileType = wrapper.framework; includeInIndex = 0; path = Pods_SeeShow.framework; sourceTree = BUILT_PRODUCTS_DIR; };
		2F05B822CE2551443A8DF643 /* Pods-SeeShow-SeeShowUITests.debug.xcconfig */ = {isa = PBXFileReference; includeInIndex = 1; lastKnownFileType = text.xcconfig; name = "Pods-SeeShow-SeeShowUITests.debug.xcconfig"; path = "Target Support Files/Pods-SeeShow-SeeShowUITests/Pods-SeeShow-SeeShowUITests.debug.xcconfig"; sourceTree = "<group>"; };
		5E58EF225E7C1B14CA4130C0 /* Pods-SeeShowTests.debug.xcconfig */ = {isa = PBXFileReference; includeInIndex = 1; lastKnownFileType = text.xcconfig; name = "Pods-SeeShowTests.debug.xcconfig"; path = "Target Support Files/Pods-SeeShowTests/Pods-SeeShowTests.debug.xcconfig"; sourceTree = "<group>"; };
		6A1D1D732910A59B0087410A /* SeeShow.app */ = {isa = PBXFileReference; explicitFileType = wrapper.application; includeInIndex = 0; path = SeeShow.app; sourceTree = BUILT_PRODUCTS_DIR; };
		6A1D1D762910A59B0087410A /* AppDelegate.swift */ = {isa = PBXFileReference; lastKnownFileType = sourcecode.swift; path = AppDelegate.swift; sourceTree = "<group>"; };
		6A1D1D782910A59B0087410A /* SceneDelegate.swift */ = {isa = PBXFileReference; lastKnownFileType = sourcecode.swift; path = SceneDelegate.swift; sourceTree = "<group>"; };
		6A1D1D7F2910A59C0087410A /* Assets.xcassets */ = {isa = PBXFileReference; lastKnownFileType = folder.assetcatalog; path = Assets.xcassets; sourceTree = "<group>"; };
		6A1D1D822910A59C0087410A /* Base */ = {isa = PBXFileReference; lastKnownFileType = file.storyboard; name = Base; path = Base.lproj/LaunchScreen.storyboard; sourceTree = "<group>"; };
		6A1D1D842910A59C0087410A /* Info.plist */ = {isa = PBXFileReference; lastKnownFileType = text.plist.xml; path = Info.plist; sourceTree = "<group>"; };
		6A1D1D892910A59C0087410A /* SeeShowTests.xctest */ = {isa = PBXFileReference; explicitFileType = wrapper.cfbundle; includeInIndex = 0; path = SeeShowTests.xctest; sourceTree = BUILT_PRODUCTS_DIR; };
		6A1D1D8D2910A59C0087410A /* SeeShowTests.swift */ = {isa = PBXFileReference; lastKnownFileType = sourcecode.swift; path = SeeShowTests.swift; sourceTree = "<group>"; };
		6A1D1D932910A59C0087410A /* SeeShowUITests.xctest */ = {isa = PBXFileReference; explicitFileType = wrapper.cfbundle; includeInIndex = 0; path = SeeShowUITests.xctest; sourceTree = BUILT_PRODUCTS_DIR; };
		6A1D1D972910A59C0087410A /* SeeShowUITests.swift */ = {isa = PBXFileReference; lastKnownFileType = sourcecode.swift; path = SeeShowUITests.swift; sourceTree = "<group>"; };
		6A1D1D992910A59C0087410A /* SeeShowUITestsLaunchTests.swift */ = {isa = PBXFileReference; lastKnownFileType = sourcecode.swift; path = SeeShowUITestsLaunchTests.swift; sourceTree = "<group>"; };
		6A1D1DA62910A69D0087410A /* TabBarController.swift */ = {isa = PBXFileReference; lastKnownFileType = sourcecode.swift; path = TabBarController.swift; sourceTree = "<group>"; };
		6A1D1DAC2910A7070087410A /* MainViewController.swift */ = {isa = PBXFileReference; lastKnownFileType = sourcecode.swift; path = MainViewController.swift; sourceTree = "<group>"; };
		6A1D1DAE2910A7100087410A /* CategoryViewController.swift */ = {isa = PBXFileReference; lastKnownFileType = sourcecode.swift; path = CategoryViewController.swift; sourceTree = "<group>"; };
		6A1D1DB02910A7190087410A /* MapViewController.swift */ = {isa = PBXFileReference; lastKnownFileType = sourcecode.swift; path = MapViewController.swift; sourceTree = "<group>"; };
		6A1D1DB22910A8AA0087410A /* README.md */ = {isa = PBXFileReference; lastKnownFileType = net.daringfireball.markdown; path = README.md; sourceTree = "<group>"; };
		6A1D1DB72910F42A0087410A /* BannerCell.swift */ = {isa = PBXFileReference; lastKnownFileType = sourcecode.swift; path = BannerCell.swift; sourceTree = "<group>"; };
		6A1D1DBA2910F4650087410A /* BannerItemCell.swift */ = {isa = PBXFileReference; lastKnownFileType = sourcecode.swift; path = BannerItemCell.swift; sourceTree = "<group>"; };
		6A1D1DBD2910F47A0087410A /* CategoryCell.swift */ = {isa = PBXFileReference; lastKnownFileType = sourcecode.swift; path = CategoryCell.swift; sourceTree = "<group>"; };
		6A1D1DBF2910F6AD0087410A /* BoxOfficeModel.swift */ = {isa = PBXFileReference; lastKnownFileType = sourcecode.swift; path = BoxOfficeModel.swift; sourceTree = "<group>"; };
		6A1D1DC22910F6DA0087410A /* KopisAPIService.swift */ = {isa = PBXFileReference; lastKnownFileType = sourcecode.swift; path = KopisAPIService.swift; sourceTree = "<group>"; };
		6A1D1DC52910F73E0087410A /* Constants.swift */ = {isa = PBXFileReference; lastKnownFileType = sourcecode.swift; path = Constants.swift; sourceTree = "<group>"; };
		6A1D1DC82910F77C0087410A /* BoxOfficeStore.swift */ = {isa = PBXFileReference; lastKnownFileType = sourcecode.swift; path = BoxOfficeStore.swift; sourceTree = "<group>"; };
		6A1D1DCA2910F7B00087410A /* MainViewModel.swift */ = {isa = PBXFileReference; lastKnownFileType = sourcecode.swift; path = MainViewModel.swift; sourceTree = "<group>"; };
		6A1D1DCC2910F7DA0087410A /* ViewBoxOffice.swift */ = {isa = PBXFileReference; lastKnownFileType = sourcecode.swift; path = ViewBoxOffice.swift; sourceTree = "<group>"; };
		6A2D7B952917A08600FFE52D /* DetailModel.swift */ = {isa = PBXFileReference; lastKnownFileType = sourcecode.swift; path = DetailModel.swift; sourceTree = "<group>"; };
		6A2D7B972917A40F00FFE52D /* ViewDetail.swift */ = {isa = PBXFileReference; lastKnownFileType = sourcecode.swift; path = ViewDetail.swift; sourceTree = "<group>"; };
		6A2D7B992918AE6800FFE52D /* DetailStore.swift */ = {isa = PBXFileReference; lastKnownFileType = sourcecode.swift; path = DetailStore.swift; sourceTree = "<group>"; };
		6A2D7B9C291AA3E200FFE52D /* DetailPosterDefaultStackView.swift */ = {isa = PBXFileReference; lastKnownFileType = sourcecode.swift; path = DetailPosterDefaultStackView.swift; sourceTree = "<group>"; };
		6A2D7B9E291AB34900FFE52D /* KopisAPICommonCode.swift */ = {isa = PBXFileReference; lastKnownFileType = sourcecode.swift; path = KopisAPICommonCode.swift; sourceTree = "<group>"; };
		6A3CB2A7292E829100D0D83E /* CategoryViewHeader.swift */ = {isa = PBXFileReference; lastKnownFileType = sourcecode.swift; path = CategoryViewHeader.swift; sourceTree = "<group>"; };
		6A3CB2AB292EBE3700D0D83E /* CultureAPIService.swift */ = {isa = PBXFileReference; lastKnownFileType = sourcecode.swift; path = CultureAPIService.swift; sourceTree = "<group>"; };
		6A3CB2AD292EBECF00D0D83E /* CultureAPIConstant.swift */ = {isa = PBXFileReference; lastKnownFileType = sourcecode.swift; path = CultureAPIConstant.swift; sourceTree = "<group>"; };
		6A3CB2B2292F0B9100D0D83E /* CultureModel.swift */ = {isa = PBXFileReference; lastKnownFileType = sourcecode.swift; path = CultureModel.swift; sourceTree = "<group>"; };
		6A3CB2B6292F116300D0D83E /* ViewCulture.swift */ = {isa = PBXFileReference; lastKnownFileType = sourcecode.swift; path = ViewCulture.swift; sourceTree = "<group>"; };
		6A3CB2B8292F16B000D0D83E /* CultureStore.swift */ = {isa = PBXFileReference; lastKnownFileType = sourcecode.swift; path = CultureStore.swift; sourceTree = "<group>"; };
		6A3CB2BA292F18F300D0D83E /* MapViewModel.swift */ = {isa = PBXFileReference; lastKnownFileType = sourcecode.swift; path = MapViewModel.swift; sourceTree = "<group>"; };
		6A40940A292AFDAE00752691 /* MainNavigationBar.swift */ = {isa = PBXFileReference; lastKnownFileType = sourcecode.swift; path = MainNavigationBar.swift; sourceTree = "<group>"; };
		6A40940C292AFDD300752691 /* UIColor+Ext.swift */ = {isa = PBXFileReference; lastKnownFileType = sourcecode.swift; path = "UIColor+Ext.swift"; sourceTree = "<group>"; };
		6A40940E292AFE6900752691 /* CategoryDecorationView.swift */ = {isa = PBXFileReference; lastKnownFileType = sourcecode.swift; path = CategoryDecorationView.swift; sourceTree = "<group>"; };
		6A409410292BA38900752691 /* DetailNavigationBar.swift */ = {isa = PBXFileReference; lastKnownFileType = sourcecode.swift; path = DetailNavigationBar.swift; sourceTree = "<group>"; };
		6A60917729378932005CB62E /* BottomSheetView.swift */ = {isa = PBXFileReference; lastKnownFileType = sourcecode.swift; path = BottomSheetView.swift; sourceTree = "<group>"; };
		6A6091792938CB5E005CB62E /* BottomSheetViewModel.swift */ = {isa = PBXFileReference; lastKnownFileType = sourcecode.swift; path = BottomSheetViewModel.swift; sourceTree = "<group>"; };
		6A60917C2938CC15005CB62E /* CultureDetailStore.swift */ = {isa = PBXFileReference; lastKnownFileType = sourcecode.swift; path = CultureDetailStore.swift; sourceTree = "<group>"; };
		6A60917F2938CC40005CB62E /* CultureDetailModel.swift */ = {isa = PBXFileReference; lastKnownFileType = sourcecode.swift; path = CultureDetailModel.swift; sourceTree = "<group>"; };
		6A6091812938CED8005CB62E /* ViewCultureDetail.swift */ = {isa = PBXFileReference; lastKnownFileType = sourcecode.swift; path = ViewCultureDetail.swift; sourceTree = "<group>"; };
		6A6091832938F786005CB62E /* MapMarkerModel.swift */ = {isa = PBXFileReference; lastKnownFileType = sourcecode.swift; path = MapMarkerModel.swift; sourceTree = "<group>"; };
		6A6B7A15292323000088F029 /* CategoryViewModel.swift */ = {isa = PBXFileReference; lastKnownFileType = sourcecode.swift; path = CategoryViewModel.swift; sourceTree = "<group>"; };
		6A6B7A182923240A0088F029 /* AllPageViewController.swift */ = {isa = PBXFileReference; lastKnownFileType = sourcecode.swift; path = AllPageViewController.swift; sourceTree = "<group>"; };
		6A6B7A1A292324670088F029 /* TheaterPageViewController.swift */ = {isa = PBXFileReference; lastKnownFileType = sourcecode.swift; path = TheaterPageViewController.swift; sourceTree = "<group>"; };
		6A6B7A1C292324970088F029 /* MusicalPageViewController.swift */ = {isa = PBXFileReference; lastKnownFileType = sourcecode.swift; path = MusicalPageViewController.swift; sourceTree = "<group>"; };
		6A6B7A1E2923255E0088F029 /* OperaPageViewController.swift */ = {isa = PBXFileReference; lastKnownFileType = sourcecode.swift; path = OperaPageViewController.swift; sourceTree = "<group>"; };
		6A6B7A20292325720088F029 /* DancePageViewController.swift */ = {isa = PBXFileReference; lastKnownFileType = sourcecode.swift; path = DancePageViewController.swift; sourceTree = "<group>"; };
		6A6B7A222923258A0088F029 /* KoreanMusicPageViewController.swift */ = {isa = PBXFileReference; lastKnownFileType = sourcecode.swift; path = KoreanMusicPageViewController.swift; sourceTree = "<group>"; };
		6A6B7A24292325A00088F029 /* ComplexityPageViewController.swift */ = {isa = PBXFileReference; lastKnownFileType = sourcecode.swift; path = ComplexityPageViewController.swift; sourceTree = "<group>"; };
		6A6B7A26292325B40088F029 /* KidsPageViewController.swift */ = {isa = PBXFileReference; lastKnownFileType = sourcecode.swift; path = KidsPageViewController.swift; sourceTree = "<group>"; };
		6A6B7A28292325C20088F029 /* OpenRunPageViewController.swift */ = {isa = PBXFileReference; lastKnownFileType = sourcecode.swift; path = OpenRunPageViewController.swift; sourceTree = "<group>"; };
		6A6B7A2A292326670088F029 /* ViewPagerCell.swift */ = {isa = PBXFileReference; lastKnownFileType = sourcecode.swift; path = ViewPagerCell.swift; sourceTree = "<group>"; };
		6A6B7A2C292367C80088F029 /* ClassicPageViewController.swift */ = {isa = PBXFileReference; lastKnownFileType = sourcecode.swift; path = ClassicPageViewController.swift; sourceTree = "<group>"; };
		6A787D192921C39500442719 /* CategoryModel.swift */ = {isa = PBXFileReference; lastKnownFileType = sourcecode.swift; path = CategoryModel.swift; sourceTree = "<group>"; };
		6A787D232921C9CF00442719 /* ViewCategoryData.swift */ = {isa = PBXFileReference; lastKnownFileType = sourcecode.swift; path = ViewCategoryData.swift; sourceTree = "<group>"; };
		6A787D2D29222CCC00442719 /* PageBoxOfficeStore.swift */ = {isa = PBXFileReference; lastKnownFileType = sourcecode.swift; path = PageBoxOfficeStore.swift; sourceTree = "<group>"; };
		6A787D3329223C1900442719 /* PageSectionModel.swift */ = {isa = PBXFileReference; lastKnownFileType = sourcecode.swift; path = PageSectionModel.swift; sourceTree = "<group>"; };
		6A7BA289291250D5004266E1 /* MainSectionModel.swift */ = {isa = PBXFileReference; lastKnownFileType = sourcecode.swift; path = MainSectionModel.swift; sourceTree = "<group>"; };
		6A7BA28C291289D4004266E1 /* KidsCell.swift */ = {isa = PBXFileReference; lastKnownFileType = sourcecode.swift; path = KidsCell.swift; sourceTree = "<group>"; };
		6A7CF66C291BCBB4004C14CD /* TheaterCell.swift */ = {isa = PBXFileReference; lastKnownFileType = sourcecode.swift; path = TheaterCell.swift; sourceTree = "<group>"; };
		6A7CF66E291BE9E7004C14CD /* MainCollectionViewCell.swift */ = {isa = PBXFileReference; lastKnownFileType = sourcecode.swift; path = MainCollectionViewCell.swift; sourceTree = "<group>"; };
		6A7CF672291BEB17004C14CD /* UNICell.swift */ = {isa = PBXFileReference; lastKnownFileType = sourcecode.swift; path = UNICell.swift; sourceTree = "<group>"; };
		6A7CF676291BED1C004C14CD /* OpenRunCell.swift */ = {isa = PBXFileReference; lastKnownFileType = sourcecode.swift; path = OpenRunCell.swift; sourceTree = "<group>"; };
		6A7CF678291BF82A004C14CD /* MainSectionHeader.swift */ = {isa = PBXFileReference; lastKnownFileType = sourcecode.swift; path = MainSectionHeader.swift; sourceTree = "<group>"; };
		6A7CF67A291BF87A004C14CD /* TheaterHeader.swift */ = {isa = PBXFileReference; lastKnownFileType = sourcecode.swift; path = TheaterHeader.swift; sourceTree = "<group>"; };
		6A7CF67C291BF8B3004C14CD /* UNIHeader.swift */ = {isa = PBXFileReference; lastKnownFileType = sourcecode.swift; path = UNIHeader.swift; sourceTree = "<group>"; };
		6A7CF67E291BF8D5004C14CD /* OpenRunHeader.swift */ = {isa = PBXFileReference; lastKnownFileType = sourcecode.swift; path = OpenRunHeader.swift; sourceTree = "<group>"; };
		6A88DC4D293D1FB900E9EB51 /* Settings.bundle */ = {isa = PBXFileReference; lastKnownFileType = "wrapper.plug-in"; path = Settings.bundle; sourceTree = "<group>"; };
		6A88DC4F293DCC5300E9EB51 /* String+Ext.swift */ = {isa = PBXFileReference; lastKnownFileType = sourcecode.swift; path = "String+Ext.swift"; sourceTree = "<group>"; };
		6A8B1BC4293A41A4006CD62F /* MainLoadingView.swift */ = {isa = PBXFileReference; lastKnownFileType = sourcecode.swift; path = MainLoadingView.swift; sourceTree = "<group>"; };
		6A8C11C1292CBC0000396491 /* CALayer+Ext.swift */ = {isa = PBXFileReference; lastKnownFileType = sourcecode.swift; path = "CALayer+Ext.swift"; sourceTree = "<group>"; };
		6A8C11C3292D3FC500396491 /* DefaultDetailPosterView.swift */ = {isa = PBXFileReference; lastKnownFileType = sourcecode.swift; path = DefaultDetailPosterView.swift; sourceTree = "<group>"; };
		6A8C11C5292DB9FE00396491 /* PageViewController.swift */ = {isa = PBXFileReference; lastKnownFileType = sourcecode.swift; path = PageViewController.swift; sourceTree = "<group>"; };
		6AC814E929137E1F00FCA392 /* KidsSectionHeader.swift */ = {isa = PBXFileReference; lastKnownFileType = sourcecode.swift; path = KidsSectionHeader.swift; sourceTree = "<group>"; };
		6AC814EC2914B1FD00FCA392 /* UIImageView+Ext.swift */ = {isa = PBXFileReference; lastKnownFileType = sourcecode.swift; path = "UIImageView+Ext.swift"; sourceTree = "<group>"; };
		6AC814EE2914CFBE00FCA392 /* ImagePlaceholderView.swift */ = {isa = PBXFileReference; lastKnownFileType = sourcecode.swift; path = ImagePlaceholderView.swift; sourceTree = "<group>"; };
		6AC814F12914E0A200FCA392 /* NotoSansKR-Medium.otf */ = {isa = PBXFileReference; lastKnownFileType = file; path = "NotoSansKR-Medium.otf"; sourceTree = "<group>"; };
		6AC814F22914E0A200FCA392 /* NotoSansKR-Regular.otf */ = {isa = PBXFileReference; lastKnownFileType = file; path = "NotoSansKR-Regular.otf"; sourceTree = "<group>"; };
		6AC814F32914E0A200FCA392 /* NotoSansKR-Thin.otf */ = {isa = PBXFileReference; lastKnownFileType = file; path = "NotoSansKR-Thin.otf"; sourceTree = "<group>"; };
		6AC814F42914E0A200FCA392 /* NotoSansKR-Bold.otf */ = {isa = PBXFileReference; lastKnownFileType = file; path = "NotoSansKR-Bold.otf"; sourceTree = "<group>"; };
		6AC814F52914E0A200FCA392 /* NotoSansKR-Black.otf */ = {isa = PBXFileReference; lastKnownFileType = file; path = "NotoSansKR-Black.otf"; sourceTree = "<group>"; };
		6AC814F62914E0A200FCA392 /* NotoSansKR-Light.otf */ = {isa = PBXFileReference; lastKnownFileType = file; path = "NotoSansKR-Light.otf"; sourceTree = "<group>"; };
		6AC814FE2914E14100FCA392 /* UIFont+Ext.swift */ = {isa = PBXFileReference; lastKnownFileType = sourcecode.swift; path = "UIFont+Ext.swift"; sourceTree = "<group>"; };
		6AC815002914E16500FCA392 /* UILabel+Ext.swift */ = {isa = PBXFileReference; lastKnownFileType = sourcecode.swift; path = "UILabel+Ext.swift"; sourceTree = "<group>"; };
		6AC815022914E18400FCA392 /* UIViewController+Ext.swift */ = {isa = PBXFileReference; lastKnownFileType = sourcecode.swift; path = "UIViewController+Ext.swift"; sourceTree = "<group>"; };
		6AC815042914E19E00FCA392 /* UIView+Ext.swift */ = {isa = PBXFileReference; lastKnownFileType = sourcecode.swift; path = "UIView+Ext.swift"; sourceTree = "<group>"; };
		6AC815062914E68100FCA392 /* DetailViewController.swift */ = {isa = PBXFileReference; lastKnownFileType = sourcecode.swift; path = DetailViewController.swift; sourceTree = "<group>"; };
		6AC8150C291508BA00FCA392 /* DetailViewModel.swift */ = {isa = PBXFileReference; lastKnownFileType = sourcecode.swift; path = DetailViewModel.swift; sourceTree = "<group>"; };
		6AEAFCC5293B1BF900D79C8E /* PageLoadingView.swift */ = {isa = PBXFileReference; lastKnownFileType = sourcecode.swift; path = PageLoadingView.swift; sourceTree = "<group>"; };
		6AF0C3A92923A0A600FC9007 /* PageViewModel.swift */ = {isa = PBXFileReference; lastKnownFileType = sourcecode.swift; path = PageViewModel.swift; sourceTree = "<group>"; };
		6AF0C3AD2923A7C200FC9007 /* PageCell.swift */ = {isa = PBXFileReference; lastKnownFileType = sourcecode.swift; path = PageCell.swift; sourceTree = "<group>"; };
		AC70E28F493948EB30004D56 /* Pods_SeeShowTests.framework */ = {isa = PBXFileReference; explicitFileType = wrapper.framework; includeInIndex = 0; path = Pods_SeeShowTests.framework; sourceTree = BUILT_PRODUCTS_DIR; };
		B88C1BBEDC2AFC50677F29E7 /* Pods_SeeShow_SeeShowUITests.framework */ = {isa = PBXFileReference; explicitFileType = wrapper.framework; includeInIndex = 0; path = Pods_SeeShow_SeeShowUITests.framework; sourceTree = BUILT_PRODUCTS_DIR; };
		CFE558D3FE80FCADFE436575 /* Pods-SeeShow.debug.xcconfig */ = {isa = PBXFileReference; includeInIndex = 1; lastKnownFileType = text.xcconfig; name = "Pods-SeeShow.debug.xcconfig"; path = "Target Support Files/Pods-SeeShow/Pods-SeeShow.debug.xcconfig"; sourceTree = "<group>"; };
		E1836D833A690C45290EC671 /* Pods-SeeShow-SeeShowUITests.release.xcconfig */ = {isa = PBXFileReference; includeInIndex = 1; lastKnownFileType = text.xcconfig; name = "Pods-SeeShow-SeeShowUITests.release.xcconfig"; path = "Target Support Files/Pods-SeeShow-SeeShowUITests/Pods-SeeShow-SeeShowUITests.release.xcconfig"; sourceTree = "<group>"; };
		E90E492DE86FFB4E90CEF37E /* Pods-SeeShow.release.xcconfig */ = {isa = PBXFileReference; includeInIndex = 1; lastKnownFileType = text.xcconfig; name = "Pods-SeeShow.release.xcconfig"; path = "Target Support Files/Pods-SeeShow/Pods-SeeShow.release.xcconfig"; sourceTree = "<group>"; };
/* End PBXFileReference section */

/* Begin PBXFrameworksBuildPhase section */
		6A1D1D702910A59B0087410A /* Frameworks */ = {
			isa = PBXFrameworksBuildPhase;
			buildActionMask = 2147483647;
			files = (
				02418208B32E5C9C12D0F8EA /* Pods_SeeShow.framework in Frameworks */,
			);
			runOnlyForDeploymentPostprocessing = 0;
		};
		6A1D1D862910A59C0087410A /* Frameworks */ = {
			isa = PBXFrameworksBuildPhase;
			buildActionMask = 2147483647;
			files = (
				89D71EDA6DE89B4C6D16A6F6 /* Pods_SeeShowTests.framework in Frameworks */,
			);
			runOnlyForDeploymentPostprocessing = 0;
		};
		6A1D1D902910A59C0087410A /* Frameworks */ = {
			isa = PBXFrameworksBuildPhase;
			buildActionMask = 2147483647;
			files = (
				E3F3FFC72CFB83F09565204C /* Pods_SeeShow_SeeShowUITests.framework in Frameworks */,
			);
			runOnlyForDeploymentPostprocessing = 0;
		};
/* End PBXFrameworksBuildPhase section */

/* Begin PBXGroup section */
		03A2FD9C4F50B37CB12E4119 /* Pods */ = {
			isa = PBXGroup;
			children = (
				CFE558D3FE80FCADFE436575 /* Pods-SeeShow.debug.xcconfig */,
				E90E492DE86FFB4E90CEF37E /* Pods-SeeShow.release.xcconfig */,
				2F05B822CE2551443A8DF643 /* Pods-SeeShow-SeeShowUITests.debug.xcconfig */,
				E1836D833A690C45290EC671 /* Pods-SeeShow-SeeShowUITests.release.xcconfig */,
				5E58EF225E7C1B14CA4130C0 /* Pods-SeeShowTests.debug.xcconfig */,
				1C06B5ECCC226B43BAC44BBC /* Pods-SeeShowTests.release.xcconfig */,
			);
			path = Pods;
			sourceTree = "<group>";
		};
		2DC603BF444A43038AE2C43C /* Frameworks */ = {
			isa = PBXGroup;
			children = (
				1F691CBA7D21085F985029CB /* Pods_SeeShow.framework */,
				B88C1BBEDC2AFC50677F29E7 /* Pods_SeeShow_SeeShowUITests.framework */,
				AC70E28F493948EB30004D56 /* Pods_SeeShowTests.framework */,
			);
			name = Frameworks;
			sourceTree = "<group>";
		};
		6A1D1D6A2910A59B0087410A = {
			isa = PBXGroup;
			children = (
				6A88DC4D293D1FB900E9EB51 /* Settings.bundle */,
				6A1D1DB22910A8AA0087410A /* README.md */,
				6A1D1D752910A59B0087410A /* SeeShow */,
				6A1D1D8C2910A59C0087410A /* SeeShowTests */,
				6A1D1D962910A59C0087410A /* SeeShowUITests */,
				6A1D1D742910A59B0087410A /* Products */,
				03A2FD9C4F50B37CB12E4119 /* Pods */,
				2DC603BF444A43038AE2C43C /* Frameworks */,
			);
			sourceTree = "<group>";
		};
		6A1D1D742910A59B0087410A /* Products */ = {
			isa = PBXGroup;
			children = (
				6A1D1D732910A59B0087410A /* SeeShow.app */,
				6A1D1D892910A59C0087410A /* SeeShowTests.xctest */,
				6A1D1D932910A59C0087410A /* SeeShowUITests.xctest */,
			);
			name = Products;
			sourceTree = "<group>";
		};
		6A1D1D752910A59B0087410A /* SeeShow */ = {
			isa = PBXGroup;
			children = (
				6A1D1DC52910F73E0087410A /* Constants.swift */,
				6AC814F02914E07C00FCA392 /* Font */,
				6AC814EB2914B1EA00FCA392 /* Extension */,
				6A1D1DC42910F7100087410A /* Common */,
				6A1D1DC12910F6C80087410A /* API Service */,
				6A1D1DC72910F76A0087410A /* Domain */,
				6A1D1DB42910F1F50087410A /* Model */,
				6A1D1DA82910A6A90087410A /* View */,
				6A1D1DB52910F2030087410A /* ViewModel */,
				6A1D1D762910A59B0087410A /* AppDelegate.swift */,
				6A1D1D782910A59B0087410A /* SceneDelegate.swift */,
				6A1D1D7F2910A59C0087410A /* Assets.xcassets */,
				6A1D1D812910A59C0087410A /* LaunchScreen.storyboard */,
				6A1D1D842910A59C0087410A /* Info.plist */,
			);
			path = SeeShow;
			sourceTree = "<group>";
		};
		6A1D1D8C2910A59C0087410A /* SeeShowTests */ = {
			isa = PBXGroup;
			children = (
				6A1D1D8D2910A59C0087410A /* SeeShowTests.swift */,
			);
			path = SeeShowTests;
			sourceTree = "<group>";
		};
		6A1D1D962910A59C0087410A /* SeeShowUITests */ = {
			isa = PBXGroup;
			children = (
				6A1D1D972910A59C0087410A /* SeeShowUITests.swift */,
				6A1D1D992910A59C0087410A /* SeeShowUITestsLaunchTests.swift */,
			);
			path = SeeShowUITests;
			sourceTree = "<group>";
		};
		6A1D1DA82910A6A90087410A /* View */ = {
			isa = PBXGroup;
			children = (
				6A1D1DA62910A69D0087410A /* TabBarController.swift */,
				6AC814EE2914CFBE00FCA392 /* ImagePlaceholderView.swift */,
				6A1D1DA92910A6B40087410A /* MainView */,
				6A2D7B9B291AA33E00FFE52D /* DetailView */,
				6A1D1DAB2910A6E70087410A /* CategoryView */,
				6A1D1DAA2910A6C10087410A /* MapView */,
			);
			path = View;
			sourceTree = "<group>";
		};
		6A1D1DA92910A6B40087410A /* MainView */ = {
			isa = PBXGroup;
			children = (
				6A8B1BC4293A41A4006CD62F /* MainLoadingView.swift */,
				6A40940A292AFDAE00752691 /* MainNavigationBar.swift */,
				6A1D1DAC2910A7070087410A /* MainViewController.swift */,
				6A1D1DB62910F41B0087410A /* Cell */,
			);
			path = MainView;
			sourceTree = "<group>";
		};
		6A1D1DAA2910A6C10087410A /* MapView */ = {
			isa = PBXGroup;
			children = (
				6A1D1DB02910A7190087410A /* MapViewController.swift */,
				6A60917729378932005CB62E /* BottomSheetView.swift */,
			);
			path = MapView;
			sourceTree = "<group>";
		};
		6A1D1DAB2910A6E70087410A /* CategoryView */ = {
			isa = PBXGroup;
			children = (
				6A3CB2A7292E829100D0D83E /* CategoryViewHeader.swift */,
				6A1D1DAE2910A7100087410A /* CategoryViewController.swift */,
				6A6B7A2A292326670088F029 /* ViewPagerCell.swift */,
				6A6B7A17292323EA0088F029 /* PageView */,
			);
			path = CategoryView;
			sourceTree = "<group>";
		};
		6A1D1DB42910F1F50087410A /* Model */ = {
			isa = PBXGroup;
			children = (
				6A1D1DBF2910F6AD0087410A /* BoxOfficeModel.swift */,
				6A1D1DD12911436D0087410A /* Main */,
				6A2D7B942917A07400FFE52D /* Detail */,
				6A787D182921C38000442719 /* Category */,
				6A3CB2B1292F0B5300D0D83E /* Map */,
			);
			path = Model;
			sourceTree = "<group>";
		};
		6A1D1DB52910F2030087410A /* ViewModel */ = {
			isa = PBXGroup;
			children = (
				6A1D1DCE2910F7EB0087410A /* Main */,
				6A787D1B2921C40000442719 /* Category */,
				6A3CB2BC292F18FE00D0D83E /* Map */,
			);
			path = ViewModel;
			sourceTree = "<group>";
		};
		6A1D1DB62910F41B0087410A /* Cell */ = {
			isa = PBXGroup;
			children = (
				6A7CF66E291BE9E7004C14CD /* MainCollectionViewCell.swift */,
				6A7CF678291BF82A004C14CD /* MainSectionHeader.swift */,
				6A1D1DB92910F4440087410A /* Banner */,
				6A1D1DBC2910F4700087410A /* Category */,
				6A7CF670291BEAF0004C14CD /* Theater */,
				6A7CF671291BEB03004C14CD /* UNI */,
				6A7CF675291BED02004C14CD /* OpenRun */,
				6A7BA28B2912899E004266E1 /* Kids */,
			);
			path = Cell;
			sourceTree = "<group>";
		};
		6A1D1DB92910F4440087410A /* Banner */ = {
			isa = PBXGroup;
			children = (
				6A1D1DB72910F42A0087410A /* BannerCell.swift */,
				6A1D1DBA2910F4650087410A /* BannerItemCell.swift */,
			);
			path = Banner;
			sourceTree = "<group>";
		};
		6A1D1DBC2910F4700087410A /* Category */ = {
			isa = PBXGroup;
			children = (
				6A1D1DBD2910F47A0087410A /* CategoryCell.swift */,
				6A40940E292AFE6900752691 /* CategoryDecorationView.swift */,
			);
			path = Category;
			sourceTree = "<group>";
		};
		6A1D1DC12910F6C80087410A /* API Service */ = {
			isa = PBXGroup;
			children = (
				6A3CB2A9292EBDDA00D0D83E /* KopisAPI */,
				6A3CB2AA292EBDED00D0D83E /* CultureAPI */,
			);
			path = "API Service";
			sourceTree = "<group>";
		};
		6A1D1DC42910F7100087410A /* Common */ = {
			isa = PBXGroup;
			children = (
			);
			path = Common;
			sourceTree = "<group>";
		};
		6A1D1DC72910F76A0087410A /* Domain */ = {
			isa = PBXGroup;
			children = (
				6A3CB2B5292F0C8D00D0D83E /* Kopis */,
				6A3CB2B4292F0C7D00D0D83E /* Culture */,
			);
			path = Domain;
			sourceTree = "<group>";
		};
		6A1D1DCE2910F7EB0087410A /* Main */ = {
			isa = PBXGroup;
			children = (
				6A1D1DCA2910F7B00087410A /* MainViewModel.swift */,
				6AC8150B2915088E00FCA392 /* Detail */,
			);
			path = Main;
			sourceTree = "<group>";
		};
		6A1D1DD12911436D0087410A /* Main */ = {
			isa = PBXGroup;
			children = (
				6A1D1DCC2910F7DA0087410A /* ViewBoxOffice.swift */,
				6A7BA289291250D5004266E1 /* MainSectionModel.swift */,
			);
			path = Main;
			sourceTree = "<group>";
		};
		6A2D7B942917A07400FFE52D /* Detail */ = {
			isa = PBXGroup;
			children = (
				6A2D7B952917A08600FFE52D /* DetailModel.swift */,
				6A2D7B972917A40F00FFE52D /* ViewDetail.swift */,
			);
			path = Detail;
			sourceTree = "<group>";
		};
		6A2D7B9B291AA33E00FFE52D /* DetailView */ = {
			isa = PBXGroup;
			children = (
				6A409410292BA38900752691 /* DetailNavigationBar.swift */,
				6AC815062914E68100FCA392 /* DetailViewController.swift */,
				6A2D7B9C291AA3E200FFE52D /* DetailPosterDefaultStackView.swift */,
				6A8C11C3292D3FC500396491 /* DefaultDetailPosterView.swift */,
			);
			path = DetailView;
			sourceTree = "<group>";
		};
		6A3CB2A9292EBDDA00D0D83E /* KopisAPI */ = {
			isa = PBXGroup;
			children = (
				6A1D1DC22910F6DA0087410A /* KopisAPIService.swift */,
				6A2D7B9E291AB34900FFE52D /* KopisAPICommonCode.swift */,
			);
			path = KopisAPI;
			sourceTree = "<group>";
		};
		6A3CB2AA292EBDED00D0D83E /* CultureAPI */ = {
			isa = PBXGroup;
			children = (
				6A3CB2AD292EBECF00D0D83E /* CultureAPIConstant.swift */,
				6A3CB2AB292EBE3700D0D83E /* CultureAPIService.swift */,
			);
			path = CultureAPI;
			sourceTree = "<group>";
		};
		6A3CB2B1292F0B5300D0D83E /* Map */ = {
			isa = PBXGroup;
			children = (
				6A3CB2B2292F0B9100D0D83E /* CultureModel.swift */,
				6A3CB2B6292F116300D0D83E /* ViewCulture.swift */,
				6A6091832938F786005CB62E /* MapMarkerModel.swift */,
				6A60917E2938CC2D005CB62E /* Detail */,
			);
			path = Map;
			sourceTree = "<group>";
		};
		6A3CB2B4292F0C7D00D0D83E /* Culture */ = {
			isa = PBXGroup;
			children = (
				6A3CB2B8292F16B000D0D83E /* CultureStore.swift */,
				6A60917C2938CC15005CB62E /* CultureDetailStore.swift */,
			);
			path = Culture;
			sourceTree = "<group>";
		};
		6A3CB2B5292F0C8D00D0D83E /* Kopis */ = {
			isa = PBXGroup;
			children = (
				6A1D1DC82910F77C0087410A /* BoxOfficeStore.swift */,
				6A2D7B992918AE6800FFE52D /* DetailStore.swift */,
				6A787D2D29222CCC00442719 /* PageBoxOfficeStore.swift */,
			);
			path = Kopis;
			sourceTree = "<group>";
		};
		6A3CB2BC292F18FE00D0D83E /* Map */ = {
			isa = PBXGroup;
			children = (
				6A3CB2BA292F18F300D0D83E /* MapViewModel.swift */,
				6A6091792938CB5E005CB62E /* BottomSheetViewModel.swift */,
			);
			path = Map;
			sourceTree = "<group>";
		};
		6A60917E2938CC2D005CB62E /* Detail */ = {
			isa = PBXGroup;
			children = (
				6A60917F2938CC40005CB62E /* CultureDetailModel.swift */,
				6A6091812938CED8005CB62E /* ViewCultureDetail.swift */,
			);
			path = Detail;
			sourceTree = "<group>";
		};
		6A6B7A17292323EA0088F029 /* PageView */ = {
			isa = PBXGroup;
			children = (
				6AEAFCC5293B1BF900D79C8E /* PageLoadingView.swift */,
				6A8C11C5292DB9FE00396491 /* PageViewController.swift */,
				6A6B7A182923240A0088F029 /* AllPageViewController.swift */,
				6A6B7A1A292324670088F029 /* TheaterPageViewController.swift */,
				6A6B7A1C292324970088F029 /* MusicalPageViewController.swift */,
				6A6B7A2C292367C80088F029 /* ClassicPageViewController.swift */,
				6A6B7A1E2923255E0088F029 /* OperaPageViewController.swift */,
				6A6B7A20292325720088F029 /* DancePageViewController.swift */,
				6A6B7A222923258A0088F029 /* KoreanMusicPageViewController.swift */,
				6A6B7A24292325A00088F029 /* ComplexityPageViewController.swift */,
				6A6B7A26292325B40088F029 /* KidsPageViewController.swift */,
				6A6B7A28292325C20088F029 /* OpenRunPageViewController.swift */,
				6AF0C3AC2923A7A800FC9007 /* Cell */,
			);
			path = PageView;
			sourceTree = "<group>";
		};
		6A787D182921C38000442719 /* Category */ = {
			isa = PBXGroup;
			children = (
				6A787D192921C39500442719 /* CategoryModel.swift */,
				6A787D3129223B9300442719 /* Page */,
			);
			path = Category;
			sourceTree = "<group>";
		};
		6A787D1B2921C40000442719 /* Category */ = {
			isa = PBXGroup;
			children = (
				6A6B7A15292323000088F029 /* CategoryViewModel.swift */,
				6AF0C3AB2923A0A900FC9007 /* Page */,
			);
			path = Category;
			sourceTree = "<group>";
		};
		6A787D3129223B9300442719 /* Page */ = {
			isa = PBXGroup;
			children = (
				6A787D232921C9CF00442719 /* ViewCategoryData.swift */,
				6A787D3229223B9B00442719 /* DataSource */,
			);
			path = Page;
			sourceTree = "<group>";
		};
		6A787D3229223B9B00442719 /* DataSource */ = {
			isa = PBXGroup;
			children = (
				6A787D3329223C1900442719 /* PageSectionModel.swift */,
			);
			path = DataSource;
			sourceTree = "<group>";
		};
		6A7BA28B2912899E004266E1 /* Kids */ = {
			isa = PBXGroup;
			children = (
				6A7BA28C291289D4004266E1 /* KidsCell.swift */,
				6AC814E929137E1F00FCA392 /* KidsSectionHeader.swift */,
			);
			path = Kids;
			sourceTree = "<group>";
		};
		6A7CF670291BEAF0004C14CD /* Theater */ = {
			isa = PBXGroup;
			children = (
				6A7CF66C291BCBB4004C14CD /* TheaterCell.swift */,
				6A7CF67A291BF87A004C14CD /* TheaterHeader.swift */,
			);
			path = Theater;
			sourceTree = "<group>";
		};
		6A7CF671291BEB03004C14CD /* UNI */ = {
			isa = PBXGroup;
			children = (
				6A7CF672291BEB17004C14CD /* UNICell.swift */,
				6A7CF67C291BF8B3004C14CD /* UNIHeader.swift */,
			);
			path = UNI;
			sourceTree = "<group>";
		};
		6A7CF675291BED02004C14CD /* OpenRun */ = {
			isa = PBXGroup;
			children = (
				6A7CF676291BED1C004C14CD /* OpenRunCell.swift */,
				6A7CF67E291BF8D5004C14CD /* OpenRunHeader.swift */,
			);
			path = OpenRun;
			sourceTree = "<group>";
		};
		6AC814EB2914B1EA00FCA392 /* Extension */ = {
			isa = PBXGroup;
			children = (
				6AC815042914E19E00FCA392 /* UIView+Ext.swift */,
				6AC815022914E18400FCA392 /* UIViewController+Ext.swift */,
				6AC814EC2914B1FD00FCA392 /* UIImageView+Ext.swift */,
				6AC814FE2914E14100FCA392 /* UIFont+Ext.swift */,
				6AC815002914E16500FCA392 /* UILabel+Ext.swift */,
				6A40940C292AFDD300752691 /* UIColor+Ext.swift */,
				6A8C11C1292CBC0000396491 /* CALayer+Ext.swift */,
				6A88DC4F293DCC5300E9EB51 /* String+Ext.swift */,
			);
			path = Extension;
			sourceTree = "<group>";
		};
		6AC814F02914E07C00FCA392 /* Font */ = {
			isa = PBXGroup;
			children = (
				6AC814FD2914E0B300FCA392 /* NotoSansKR */,
			);
			path = Font;
			sourceTree = "<group>";
		};
		6AC814FD2914E0B300FCA392 /* NotoSansKR */ = {
			isa = PBXGroup;
			children = (
				6AC814F52914E0A200FCA392 /* NotoSansKR-Black.otf */,
				6AC814F42914E0A200FCA392 /* NotoSansKR-Bold.otf */,
				6AC814F62914E0A200FCA392 /* NotoSansKR-Light.otf */,
				6AC814F12914E0A200FCA392 /* NotoSansKR-Medium.otf */,
				6AC814F22914E0A200FCA392 /* NotoSansKR-Regular.otf */,
				6AC814F32914E0A200FCA392 /* NotoSansKR-Thin.otf */,
			);
			path = NotoSansKR;
			sourceTree = "<group>";
		};
		6AC8150B2915088E00FCA392 /* Detail */ = {
			isa = PBXGroup;
			children = (
				6AC8150C291508BA00FCA392 /* DetailViewModel.swift */,
			);
			path = Detail;
			sourceTree = "<group>";
		};
		6AF0C3AB2923A0A900FC9007 /* Page */ = {
			isa = PBXGroup;
			children = (
				6AF0C3A92923A0A600FC9007 /* PageViewModel.swift */,
			);
			path = Page;
			sourceTree = "<group>";
		};
		6AF0C3AC2923A7A800FC9007 /* Cell */ = {
			isa = PBXGroup;
			children = (
				6AF0C3AD2923A7C200FC9007 /* PageCell.swift */,
			);
			path = Cell;
			sourceTree = "<group>";
		};
/* End PBXGroup section */

/* Begin PBXNativeTarget section */
		6A1D1D722910A59B0087410A /* SeeShow */ = {
			isa = PBXNativeTarget;
			buildConfigurationList = 6A1D1D9D2910A59C0087410A /* Build configuration list for PBXNativeTarget "SeeShow" */;
			buildPhases = (
				17525E2C0A71C7BFFC900E61 /* [CP] Check Pods Manifest.lock */,
				6A1D1D6F2910A59B0087410A /* Sources */,
				6A1D1D702910A59B0087410A /* Frameworks */,
				6A1D1D712910A59B0087410A /* Resources */,
				957C525F37D874DA830FCB47 /* [CP] Embed Pods Frameworks */,
			);
			buildRules = (
			);
			dependencies = (
			);
			name = SeeShow;
			productName = SeeShow;
			productReference = 6A1D1D732910A59B0087410A /* SeeShow.app */;
			productType = "com.apple.product-type.application";
		};
		6A1D1D882910A59C0087410A /* SeeShowTests */ = {
			isa = PBXNativeTarget;
			buildConfigurationList = 6A1D1DA02910A59C0087410A /* Build configuration list for PBXNativeTarget "SeeShowTests" */;
			buildPhases = (
				AAAFF965E739B0D56F623D35 /* [CP] Check Pods Manifest.lock */,
				6A1D1D852910A59C0087410A /* Sources */,
				6A1D1D862910A59C0087410A /* Frameworks */,
				6A1D1D872910A59C0087410A /* Resources */,
			);
			buildRules = (
			);
			dependencies = (
				6A1D1D8B2910A59C0087410A /* PBXTargetDependency */,
			);
			name = SeeShowTests;
			productName = SeeShowTests;
			productReference = 6A1D1D892910A59C0087410A /* SeeShowTests.xctest */;
			productType = "com.apple.product-type.bundle.unit-test";
		};
		6A1D1D922910A59C0087410A /* SeeShowUITests */ = {
			isa = PBXNativeTarget;
			buildConfigurationList = 6A1D1DA32910A59C0087410A /* Build configuration list for PBXNativeTarget "SeeShowUITests" */;
			buildPhases = (
				D4452C3671CF84778E5DD7E7 /* [CP] Check Pods Manifest.lock */,
				6A1D1D8F2910A59C0087410A /* Sources */,
				6A1D1D902910A59C0087410A /* Frameworks */,
				6A1D1D912910A59C0087410A /* Resources */,
				7EEC28154580C3D21BBAAE9B /* [CP] Embed Pods Frameworks */,
			);
			buildRules = (
			);
			dependencies = (
				6A1D1D952910A59C0087410A /* PBXTargetDependency */,
			);
			name = SeeShowUITests;
			productName = SeeShowUITests;
			productReference = 6A1D1D932910A59C0087410A /* SeeShowUITests.xctest */;
			productType = "com.apple.product-type.bundle.ui-testing";
		};
/* End PBXNativeTarget section */

/* Begin PBXProject section */
		6A1D1D6B2910A59B0087410A /* Project object */ = {
			isa = PBXProject;
			attributes = {
				BuildIndependentTargetsInParallel = 1;
				LastSwiftUpdateCheck = 1400;
				LastUpgradeCheck = 1400;
				TargetAttributes = {
					6A1D1D722910A59B0087410A = {
						CreatedOnToolsVersion = 14.0.1;
					};
					6A1D1D882910A59C0087410A = {
						CreatedOnToolsVersion = 14.0.1;
						TestTargetID = 6A1D1D722910A59B0087410A;
					};
					6A1D1D922910A59C0087410A = {
						CreatedOnToolsVersion = 14.0.1;
						TestTargetID = 6A1D1D722910A59B0087410A;
					};
				};
			};
			buildConfigurationList = 6A1D1D6E2910A59B0087410A /* Build configuration list for PBXProject "SeeShow" */;
			compatibilityVersion = "Xcode 14.0";
			developmentRegion = en;
			hasScannedForEncodings = 0;
			knownRegions = (
				en,
				Base,
			);
			mainGroup = 6A1D1D6A2910A59B0087410A;
			productRefGroup = 6A1D1D742910A59B0087410A /* Products */;
			projectDirPath = "";
			projectRoot = "";
			targets = (
				6A1D1D722910A59B0087410A /* SeeShow */,
				6A1D1D882910A59C0087410A /* SeeShowTests */,
				6A1D1D922910A59C0087410A /* SeeShowUITests */,
			);
		};
/* End PBXProject section */

/* Begin PBXResourcesBuildPhase section */
		6A1D1D712910A59B0087410A /* Resources */ = {
			isa = PBXResourcesBuildPhase;
			buildActionMask = 2147483647;
			files = (
				6AC814F92914E0A200FCA392 /* NotoSansKR-Thin.otf in Resources */,
				6AC814FA2914E0A200FCA392 /* NotoSansKR-Bold.otf in Resources */,
				6A88DC4E293D1FB900E9EB51 /* Settings.bundle in Resources */,
				6AC814F72914E0A200FCA392 /* NotoSansKR-Medium.otf in Resources */,
				6A1D1DB32910A8AA0087410A /* README.md in Resources */,
				6A1D1D832910A59C0087410A /* LaunchScreen.storyboard in Resources */,
				6A1D1D802910A59C0087410A /* Assets.xcassets in Resources */,
				6AC814FC2914E0A200FCA392 /* NotoSansKR-Light.otf in Resources */,
				6AC814F82914E0A200FCA392 /* NotoSansKR-Regular.otf in Resources */,
				6AC814FB2914E0A200FCA392 /* NotoSansKR-Black.otf in Resources */,
			);
			runOnlyForDeploymentPostprocessing = 0;
		};
		6A1D1D872910A59C0087410A /* Resources */ = {
			isa = PBXResourcesBuildPhase;
			buildActionMask = 2147483647;
			files = (
			);
			runOnlyForDeploymentPostprocessing = 0;
		};
		6A1D1D912910A59C0087410A /* Resources */ = {
			isa = PBXResourcesBuildPhase;
			buildActionMask = 2147483647;
			files = (
			);
			runOnlyForDeploymentPostprocessing = 0;
		};
/* End PBXResourcesBuildPhase section */

/* Begin PBXShellScriptBuildPhase section */
		17525E2C0A71C7BFFC900E61 /* [CP] Check Pods Manifest.lock */ = {
			isa = PBXShellScriptBuildPhase;
			buildActionMask = 2147483647;
			files = (
			);
			inputFileListPaths = (
			);
			inputPaths = (
				"${PODS_PODFILE_DIR_PATH}/Podfile.lock",
				"${PODS_ROOT}/Manifest.lock",
			);
			name = "[CP] Check Pods Manifest.lock";
			outputFileListPaths = (
			);
			outputPaths = (
				"$(DERIVED_FILE_DIR)/Pods-SeeShow-checkManifestLockResult.txt",
			);
			runOnlyForDeploymentPostprocessing = 0;
			shellPath = /bin/sh;
			shellScript = "diff \"${PODS_PODFILE_DIR_PATH}/Podfile.lock\" \"${PODS_ROOT}/Manifest.lock\" > /dev/null\nif [ $? != 0 ] ; then\n    # print error to STDERR\n    echo \"error: The sandbox is not in sync with the Podfile.lock. Run 'pod install' or update your CocoaPods installation.\" >&2\n    exit 1\nfi\n# This output is used by Xcode 'outputs' to avoid re-running this script phase.\necho \"SUCCESS\" > \"${SCRIPT_OUTPUT_FILE_0}\"\n";
			showEnvVarsInLog = 0;
		};
		7EEC28154580C3D21BBAAE9B /* [CP] Embed Pods Frameworks */ = {
			isa = PBXShellScriptBuildPhase;
			buildActionMask = 2147483647;
			files = (
			);
			inputFileListPaths = (
				"${PODS_ROOT}/Target Support Files/Pods-SeeShow-SeeShowUITests/Pods-SeeShow-SeeShowUITests-frameworks-${CONFIGURATION}-input-files.xcfilelist",
			);
			name = "[CP] Embed Pods Frameworks";
			outputFileListPaths = (
				"${PODS_ROOT}/Target Support Files/Pods-SeeShow-SeeShowUITests/Pods-SeeShow-SeeShowUITests-frameworks-${CONFIGURATION}-output-files.xcfilelist",
			);
			runOnlyForDeploymentPostprocessing = 0;
			shellPath = /bin/sh;
			shellScript = "\"${PODS_ROOT}/Target Support Files/Pods-SeeShow-SeeShowUITests/Pods-SeeShow-SeeShowUITests-frameworks.sh\"\n";
			showEnvVarsInLog = 0;
		};
		957C525F37D874DA830FCB47 /* [CP] Embed Pods Frameworks */ = {
			isa = PBXShellScriptBuildPhase;
			buildActionMask = 2147483647;
			files = (
			);
			inputFileListPaths = (
				"${PODS_ROOT}/Target Support Files/Pods-SeeShow/Pods-SeeShow-frameworks-${CONFIGURATION}-input-files.xcfilelist",
			);
			name = "[CP] Embed Pods Frameworks";
			outputFileListPaths = (
				"${PODS_ROOT}/Target Support Files/Pods-SeeShow/Pods-SeeShow-frameworks-${CONFIGURATION}-output-files.xcfilelist",
			);
			runOnlyForDeploymentPostprocessing = 0;
			shellPath = /bin/sh;
			shellScript = "\"${PODS_ROOT}/Target Support Files/Pods-SeeShow/Pods-SeeShow-frameworks.sh\"\n";
			showEnvVarsInLog = 0;
		};
		AAAFF965E739B0D56F623D35 /* [CP] Check Pods Manifest.lock */ = {
			isa = PBXShellScriptBuildPhase;
			buildActionMask = 2147483647;
			files = (
			);
			inputFileListPaths = (
			);
			inputPaths = (
				"${PODS_PODFILE_DIR_PATH}/Podfile.lock",
				"${PODS_ROOT}/Manifest.lock",
			);
			name = "[CP] Check Pods Manifest.lock";
			outputFileListPaths = (
			);
			outputPaths = (
				"$(DERIVED_FILE_DIR)/Pods-SeeShowTests-checkManifestLockResult.txt",
			);
			runOnlyForDeploymentPostprocessing = 0;
			shellPath = /bin/sh;
			shellScript = "diff \"${PODS_PODFILE_DIR_PATH}/Podfile.lock\" \"${PODS_ROOT}/Manifest.lock\" > /dev/null\nif [ $? != 0 ] ; then\n    # print error to STDERR\n    echo \"error: The sandbox is not in sync with the Podfile.lock. Run 'pod install' or update your CocoaPods installation.\" >&2\n    exit 1\nfi\n# This output is used by Xcode 'outputs' to avoid re-running this script phase.\necho \"SUCCESS\" > \"${SCRIPT_OUTPUT_FILE_0}\"\n";
			showEnvVarsInLog = 0;
		};
		D4452C3671CF84778E5DD7E7 /* [CP] Check Pods Manifest.lock */ = {
			isa = PBXShellScriptBuildPhase;
			buildActionMask = 2147483647;
			files = (
			);
			inputFileListPaths = (
			);
			inputPaths = (
				"${PODS_PODFILE_DIR_PATH}/Podfile.lock",
				"${PODS_ROOT}/Manifest.lock",
			);
			name = "[CP] Check Pods Manifest.lock";
			outputFileListPaths = (
			);
			outputPaths = (
				"$(DERIVED_FILE_DIR)/Pods-SeeShow-SeeShowUITests-checkManifestLockResult.txt",
			);
			runOnlyForDeploymentPostprocessing = 0;
			shellPath = /bin/sh;
			shellScript = "diff \"${PODS_PODFILE_DIR_PATH}/Podfile.lock\" \"${PODS_ROOT}/Manifest.lock\" > /dev/null\nif [ $? != 0 ] ; then\n    # print error to STDERR\n    echo \"error: The sandbox is not in sync with the Podfile.lock. Run 'pod install' or update your CocoaPods installation.\" >&2\n    exit 1\nfi\n# This output is used by Xcode 'outputs' to avoid re-running this script phase.\necho \"SUCCESS\" > \"${SCRIPT_OUTPUT_FILE_0}\"\n";
			showEnvVarsInLog = 0;
		};
/* End PBXShellScriptBuildPhase section */

/* Begin PBXSourcesBuildPhase section */
		6A1D1D6F2910A59B0087410A /* Sources */ = {
			isa = PBXSourcesBuildPhase;
			buildActionMask = 2147483647;
			files = (
				6A60917829378932005CB62E /* BottomSheetView.swift in Sources */,
				6A1D1DB82910F42A0087410A /* BannerCell.swift in Sources */,
				6A3CB2B3292F0B9100D0D83E /* CultureModel.swift in Sources */,
				6A2D7B9D291AA3E200FFE52D /* DetailPosterDefaultStackView.swift in Sources */,
				6A3CB2A8292E829100D0D83E /* CategoryViewHeader.swift in Sources */,
				6AC814EA29137E1F00FCA392 /* KidsSectionHeader.swift in Sources */,
				6A2D7B9F291AB34900FFE52D /* KopisAPICommonCode.swift in Sources */,
				6A8C11C4292D3FC500396491 /* DefaultDetailPosterView.swift in Sources */,
				6AC815072914E68100FCA392 /* DetailViewController.swift in Sources */,
				6AC814EF2914CFBE00FCA392 /* ImagePlaceholderView.swift in Sources */,
				6A787D3429223C1900442719 /* PageSectionModel.swift in Sources */,
				6A6B7A1B292324670088F029 /* TheaterPageViewController.swift in Sources */,
				6A1D1DA72910A69D0087410A /* TabBarController.swift in Sources */,
				6A3CB2BB292F18F300D0D83E /* MapViewModel.swift in Sources */,
				6A7CF66F291BE9E7004C14CD /* MainCollectionViewCell.swift in Sources */,
				6A1D1D772910A59B0087410A /* AppDelegate.swift in Sources */,
				6A6091842938F786005CB62E /* MapMarkerModel.swift in Sources */,
				6A6B7A25292325A00088F029 /* ComplexityPageViewController.swift in Sources */,
				6A7CF67D291BF8B3004C14CD /* UNIHeader.swift in Sources */,
				6AC815032914E18400FCA392 /* UIViewController+Ext.swift in Sources */,
				6AC814ED2914B1FD00FCA392 /* UIImageView+Ext.swift in Sources */,
				6A2D7B9A2918AE6800FFE52D /* DetailStore.swift in Sources */,
				6A40940B292AFDAE00752691 /* MainNavigationBar.swift in Sources */,
				6A787D1A2921C39500442719 /* CategoryModel.swift in Sources */,
				6A7BA28D291289D4004266E1 /* KidsCell.swift in Sources */,
				6A6B7A2B292326670088F029 /* ViewPagerCell.swift in Sources */,
				6AC8150D291508BA00FCA392 /* DetailViewModel.swift in Sources */,
				6AC815052914E19E00FCA392 /* UIView+Ext.swift in Sources */,
				6A1D1DC02910F6AD0087410A /* BoxOfficeModel.swift in Sources */,
				6A8C11C2292CBC0000396491 /* CALayer+Ext.swift in Sources */,
				6A3CB2B7292F116300D0D83E /* ViewCulture.swift in Sources */,
				6A7CF67B291BF87A004C14CD /* TheaterHeader.swift in Sources */,
				6A1D1DC92910F77C0087410A /* BoxOfficeStore.swift in Sources */,
				6A6B7A21292325720088F029 /* DancePageViewController.swift in Sources */,
				6A7CF677291BED1C004C14CD /* OpenRunCell.swift in Sources */,
				6A1D1D792910A59B0087410A /* SceneDelegate.swift in Sources */,
				6A40940F292AFE6900752691 /* CategoryDecorationView.swift in Sources */,
				6A6B7A232923258A0088F029 /* KoreanMusicPageViewController.swift in Sources */,
				6A1D1DCD2910F7DA0087410A /* ViewBoxOffice.swift in Sources */,
				6AEAFCC6293B1BF900D79C8E /* PageLoadingView.swift in Sources */,
				6AF0C3AE2923A7C200FC9007 /* PageCell.swift in Sources */,
				6A40940D292AFDD300752691 /* UIColor+Ext.swift in Sources */,
				6A3CB2B9292F16B000D0D83E /* CultureStore.swift in Sources */,
				6A1D1DBB2910F4650087410A /* BannerItemCell.swift in Sources */,
				6A3CB2AE292EBECF00D0D83E /* CultureAPIConstant.swift in Sources */,
				6A6091802938CC40005CB62E /* CultureDetailModel.swift in Sources */,
				6A88DC50293DCC5300E9EB51 /* String+Ext.swift in Sources */,
				6A6091822938CED8005CB62E /* ViewCultureDetail.swift in Sources */,
				6A6B7A2D292367C80088F029 /* ClassicPageViewController.swift in Sources */,
				6AF0C3AA2923A0A600FC9007 /* PageViewModel.swift in Sources */,
				6A7CF67F291BF8D5004C14CD /* OpenRunHeader.swift in Sources */,
				6A787D242921C9CF00442719 /* ViewCategoryData.swift in Sources */,
				6AC815012914E16500FCA392 /* UILabel+Ext.swift in Sources */,
				6A1D1DCB2910F7B00087410A /* MainViewModel.swift in Sources */,
				6A1D1DBE2910F47A0087410A /* CategoryCell.swift in Sources */,
				6A1D1DAF2910A7100087410A /* CategoryViewController.swift in Sources */,
				6A60917A2938CB5E005CB62E /* BottomSheetViewModel.swift in Sources */,
				6A7CF673291BEB17004C14CD /* UNICell.swift in Sources */,
				6A1D1DC32910F6DA0087410A /* KopisAPIService.swift in Sources */,
				6A2D7B982917A40F00FFE52D /* ViewDetail.swift in Sources */,
				6A8C11C6292DB9FE00396491 /* PageViewController.swift in Sources */,
				6A7CF66D291BCBB4004C14CD /* TheaterCell.swift in Sources */,
				6A8B1BC5293A41A4006CD62F /* MainLoadingView.swift in Sources */,
				6A6B7A29292325C20088F029 /* OpenRunPageViewController.swift in Sources */,
				6A2D7B962917A08600FFE52D /* DetailModel.swift in Sources */,
				6A409411292BA38900752691 /* DetailNavigationBar.swift in Sources */,
				6A6B7A16292323000088F029 /* CategoryViewModel.swift in Sources */,
				6A6B7A192923240A0088F029 /* AllPageViewController.swift in Sources */,
				6A1D1DAD2910A7070087410A /* MainViewController.swift in Sources */,
				6AC814FF2914E14100FCA392 /* UIFont+Ext.swift in Sources */,
				6A787D2E29222CCC00442719 /* PageBoxOfficeStore.swift in Sources */,
				6A1D1DB12910A7190087410A /* MapViewController.swift in Sources */,
				6A3CB2AC292EBE3700D0D83E /* CultureAPIService.swift in Sources */,
				6A60917D2938CC15005CB62E /* CultureDetailStore.swift in Sources */,
				6A6B7A27292325B40088F029 /* KidsPageViewController.swift in Sources */,
				6A6B7A1F2923255E0088F029 /* OperaPageViewController.swift in Sources */,
				6A7CF679291BF82A004C14CD /* MainSectionHeader.swift in Sources */,
				6A1D1DC62910F73E0087410A /* Constants.swift in Sources */,
				6A6B7A1D292324970088F029 /* MusicalPageViewController.swift in Sources */,
				6A7BA28A291250D5004266E1 /* MainSectionModel.swift in Sources */,
			);
			runOnlyForDeploymentPostprocessing = 0;
		};
		6A1D1D852910A59C0087410A /* Sources */ = {
			isa = PBXSourcesBuildPhase;
			buildActionMask = 2147483647;
			files = (
				6A1D1D8E2910A59C0087410A /* SeeShowTests.swift in Sources */,
			);
			runOnlyForDeploymentPostprocessing = 0;
		};
		6A1D1D8F2910A59C0087410A /* Sources */ = {
			isa = PBXSourcesBuildPhase;
			buildActionMask = 2147483647;
			files = (
				6A1D1D982910A59C0087410A /* SeeShowUITests.swift in Sources */,
				6A1D1D9A2910A59C0087410A /* SeeShowUITestsLaunchTests.swift in Sources */,
			);
			runOnlyForDeploymentPostprocessing = 0;
		};
/* End PBXSourcesBuildPhase section */

/* Begin PBXTargetDependency section */
		6A1D1D8B2910A59C0087410A /* PBXTargetDependency */ = {
			isa = PBXTargetDependency;
			target = 6A1D1D722910A59B0087410A /* SeeShow */;
			targetProxy = 6A1D1D8A2910A59C0087410A /* PBXContainerItemProxy */;
		};
		6A1D1D952910A59C0087410A /* PBXTargetDependency */ = {
			isa = PBXTargetDependency;
			target = 6A1D1D722910A59B0087410A /* SeeShow */;
			targetProxy = 6A1D1D942910A59C0087410A /* PBXContainerItemProxy */;
		};
/* End PBXTargetDependency section */

/* Begin PBXVariantGroup section */
		6A1D1D812910A59C0087410A /* LaunchScreen.storyboard */ = {
			isa = PBXVariantGroup;
			children = (
				6A1D1D822910A59C0087410A /* Base */,
			);
			name = LaunchScreen.storyboard;
			sourceTree = "<group>";
		};
/* End PBXVariantGroup section */

/* Begin XCBuildConfiguration section */
		6A1D1D9B2910A59C0087410A /* Debug */ = {
			isa = XCBuildConfiguration;
			buildSettings = {
				ALWAYS_SEARCH_USER_PATHS = NO;
				CLANG_ANALYZER_NONNULL = YES;
				CLANG_ANALYZER_NUMBER_OBJECT_CONVERSION = YES_AGGRESSIVE;
				CLANG_CXX_LANGUAGE_STANDARD = "gnu++20";
				CLANG_ENABLE_MODULES = YES;
				CLANG_ENABLE_OBJC_ARC = YES;
				CLANG_ENABLE_OBJC_WEAK = YES;
				CLANG_WARN_BLOCK_CAPTURE_AUTORELEASING = YES;
				CLANG_WARN_BOOL_CONVERSION = YES;
				CLANG_WARN_COMMA = YES;
				CLANG_WARN_CONSTANT_CONVERSION = YES;
				CLANG_WARN_DEPRECATED_OBJC_IMPLEMENTATIONS = YES;
				CLANG_WARN_DIRECT_OBJC_ISA_USAGE = YES_ERROR;
				CLANG_WARN_DOCUMENTATION_COMMENTS = YES;
				CLANG_WARN_EMPTY_BODY = YES;
				CLANG_WARN_ENUM_CONVERSION = YES;
				CLANG_WARN_INFINITE_RECURSION = YES;
				CLANG_WARN_INT_CONVERSION = YES;
				CLANG_WARN_NON_LITERAL_NULL_CONVERSION = YES;
				CLANG_WARN_OBJC_IMPLICIT_RETAIN_SELF = YES;
				CLANG_WARN_OBJC_LITERAL_CONVERSION = YES;
				CLANG_WARN_OBJC_ROOT_CLASS = YES_ERROR;
				CLANG_WARN_QUOTED_INCLUDE_IN_FRAMEWORK_HEADER = YES;
				CLANG_WARN_RANGE_LOOP_ANALYSIS = YES;
				CLANG_WARN_STRICT_PROTOTYPES = YES;
				CLANG_WARN_SUSPICIOUS_MOVE = YES;
				CLANG_WARN_UNGUARDED_AVAILABILITY = YES_AGGRESSIVE;
				CLANG_WARN_UNREACHABLE_CODE = YES;
				CLANG_WARN__DUPLICATE_METHOD_MATCH = YES;
				COPY_PHASE_STRIP = NO;
				DEBUG_INFORMATION_FORMAT = dwarf;
				ENABLE_STRICT_OBJC_MSGSEND = YES;
				ENABLE_TESTABILITY = YES;
				GCC_C_LANGUAGE_STANDARD = gnu11;
				GCC_DYNAMIC_NO_PIC = NO;
				GCC_NO_COMMON_BLOCKS = YES;
				GCC_OPTIMIZATION_LEVEL = 0;
				GCC_PREPROCESSOR_DEFINITIONS = (
					"DEBUG=1",
					"$(inherited)",
				);
				GCC_WARN_64_TO_32_BIT_CONVERSION = YES;
				GCC_WARN_ABOUT_RETURN_TYPE = YES_ERROR;
				GCC_WARN_UNDECLARED_SELECTOR = YES;
				GCC_WARN_UNINITIALIZED_AUTOS = YES_AGGRESSIVE;
				GCC_WARN_UNUSED_FUNCTION = YES;
				GCC_WARN_UNUSED_VARIABLE = YES;
				IPHONEOS_DEPLOYMENT_TARGET = 16.0;
				MTL_ENABLE_DEBUG_INFO = INCLUDE_SOURCE;
				MTL_FAST_MATH = YES;
				ONLY_ACTIVE_ARCH = YES;
				SDKROOT = iphoneos;
				SWIFT_ACTIVE_COMPILATION_CONDITIONS = DEBUG;
				SWIFT_OPTIMIZATION_LEVEL = "-Onone";
			};
			name = Debug;
		};
		6A1D1D9C2910A59C0087410A /* Release */ = {
			isa = XCBuildConfiguration;
			buildSettings = {
				ALWAYS_SEARCH_USER_PATHS = NO;
				CLANG_ANALYZER_NONNULL = YES;
				CLANG_ANALYZER_NUMBER_OBJECT_CONVERSION = YES_AGGRESSIVE;
				CLANG_CXX_LANGUAGE_STANDARD = "gnu++20";
				CLANG_ENABLE_MODULES = YES;
				CLANG_ENABLE_OBJC_ARC = YES;
				CLANG_ENABLE_OBJC_WEAK = YES;
				CLANG_WARN_BLOCK_CAPTURE_AUTORELEASING = YES;
				CLANG_WARN_BOOL_CONVERSION = YES;
				CLANG_WARN_COMMA = YES;
				CLANG_WARN_CONSTANT_CONVERSION = YES;
				CLANG_WARN_DEPRECATED_OBJC_IMPLEMENTATIONS = YES;
				CLANG_WARN_DIRECT_OBJC_ISA_USAGE = YES_ERROR;
				CLANG_WARN_DOCUMENTATION_COMMENTS = YES;
				CLANG_WARN_EMPTY_BODY = YES;
				CLANG_WARN_ENUM_CONVERSION = YES;
				CLANG_WARN_INFINITE_RECURSION = YES;
				CLANG_WARN_INT_CONVERSION = YES;
				CLANG_WARN_NON_LITERAL_NULL_CONVERSION = YES;
				CLANG_WARN_OBJC_IMPLICIT_RETAIN_SELF = YES;
				CLANG_WARN_OBJC_LITERAL_CONVERSION = YES;
				CLANG_WARN_OBJC_ROOT_CLASS = YES_ERROR;
				CLANG_WARN_QUOTED_INCLUDE_IN_FRAMEWORK_HEADER = YES;
				CLANG_WARN_RANGE_LOOP_ANALYSIS = YES;
				CLANG_WARN_STRICT_PROTOTYPES = YES;
				CLANG_WARN_SUSPICIOUS_MOVE = YES;
				CLANG_WARN_UNGUARDED_AVAILABILITY = YES_AGGRESSIVE;
				CLANG_WARN_UNREACHABLE_CODE = YES;
				CLANG_WARN__DUPLICATE_METHOD_MATCH = YES;
				COPY_PHASE_STRIP = NO;
				DEBUG_INFORMATION_FORMAT = "dwarf-with-dsym";
				ENABLE_NS_ASSERTIONS = NO;
				ENABLE_STRICT_OBJC_MSGSEND = YES;
				GCC_C_LANGUAGE_STANDARD = gnu11;
				GCC_NO_COMMON_BLOCKS = YES;
				GCC_WARN_64_TO_32_BIT_CONVERSION = YES;
				GCC_WARN_ABOUT_RETURN_TYPE = YES_ERROR;
				GCC_WARN_UNDECLARED_SELECTOR = YES;
				GCC_WARN_UNINITIALIZED_AUTOS = YES_AGGRESSIVE;
				GCC_WARN_UNUSED_FUNCTION = YES;
				GCC_WARN_UNUSED_VARIABLE = YES;
				IPHONEOS_DEPLOYMENT_TARGET = 16.0;
				MTL_ENABLE_DEBUG_INFO = NO;
				MTL_FAST_MATH = YES;
				SDKROOT = iphoneos;
				SWIFT_COMPILATION_MODE = wholemodule;
				SWIFT_OPTIMIZATION_LEVEL = "-O";
				VALIDATE_PRODUCT = YES;
			};
			name = Release;
		};
		6A1D1D9E2910A59C0087410A /* Debug */ = {
			isa = XCBuildConfiguration;
			baseConfigurationReference = CFE558D3FE80FCADFE436575 /* Pods-SeeShow.debug.xcconfig */;
			buildSettings = {
				ASSETCATALOG_COMPILER_APPICON_NAME = AppIcon;
				ASSETCATALOG_COMPILER_GLOBAL_ACCENT_COLOR_NAME = AccentColor;
				CODE_SIGN_STYLE = Automatic;
				CURRENT_PROJECT_VERSION = 1;
				DEVELOPMENT_TEAM = 34JS69S5XZ;
				GENERATE_INFOPLIST_FILE = YES;
				INFOPLIST_FILE = SeeShow/Info.plist;
				INFOPLIST_KEY_UIApplicationSupportsIndirectInputEvents = YES;
				INFOPLIST_KEY_UILaunchStoryboardName = LaunchScreen;
				INFOPLIST_KEY_UIMainStoryboardFile = "";
				INFOPLIST_KEY_UISupportedInterfaceOrientations_iPad = "UIInterfaceOrientationPortrait UIInterfaceOrientationPortraitUpsideDown UIInterfaceOrientationLandscapeLeft UIInterfaceOrientationLandscapeRight";
				INFOPLIST_KEY_UISupportedInterfaceOrientations_iPhone = "UIInterfaceOrientationPortrait UIInterfaceOrientationLandscapeLeft UIInterfaceOrientationLandscapeRight";
				IPHONEOS_DEPLOYMENT_TARGET = 14.0;
				LD_RUNPATH_SEARCH_PATHS = (
					"$(inherited)",
					"@executable_path/Frameworks",
				);
				MARKETING_VERSION = 1.0.1;
				PRODUCT_BUNDLE_IDENTIFIER = ekko.SeeShow;
				PRODUCT_NAME = "$(TARGET_NAME)";
				SWIFT_EMIT_LOC_STRINGS = YES;
				SWIFT_VERSION = 5.0;
				TARGETED_DEVICE_FAMILY = "1,2";
			};
			name = Debug;
		};
		6A1D1D9F2910A59C0087410A /* Release */ = {
			isa = XCBuildConfiguration;
			baseConfigurationReference = E90E492DE86FFB4E90CEF37E /* Pods-SeeShow.release.xcconfig */;
			buildSettings = {
				ASSETCATALOG_COMPILER_APPICON_NAME = AppIcon;
				ASSETCATALOG_COMPILER_GLOBAL_ACCENT_COLOR_NAME = AccentColor;
				CODE_SIGN_STYLE = Automatic;
				CURRENT_PROJECT_VERSION = 1;
				DEVELOPMENT_TEAM = 34JS69S5XZ;
				GENERATE_INFOPLIST_FILE = YES;
				INFOPLIST_FILE = SeeShow/Info.plist;
				INFOPLIST_KEY_UIApplicationSupportsIndirectInputEvents = YES;
				INFOPLIST_KEY_UILaunchStoryboardName = LaunchScreen;
				INFOPLIST_KEY_UIMainStoryboardFile = "";
				INFOPLIST_KEY_UISupportedInterfaceOrientations_iPad = "UIInterfaceOrientationPortrait UIInterfaceOrientationPortraitUpsideDown UIInterfaceOrientationLandscapeLeft UIInterfaceOrientationLandscapeRight";
				INFOPLIST_KEY_UISupportedInterfaceOrientations_iPhone = "UIInterfaceOrientationPortrait UIInterfaceOrientationLandscapeLeft UIInterfaceOrientationLandscapeRight";
				IPHONEOS_DEPLOYMENT_TARGET = 14.0;
				LD_RUNPATH_SEARCH_PATHS = (
					"$(inherited)",
					"@executable_path/Frameworks",
				);
				MARKETING_VERSION = 1.0.1;
				PRODUCT_BUNDLE_IDENTIFIER = ekko.SeeShow;
				PRODUCT_NAME = "$(TARGET_NAME)";
				SWIFT_EMIT_LOC_STRINGS = YES;
				SWIFT_VERSION = 5.0;
				TARGETED_DEVICE_FAMILY = "1,2";
			};
			name = Release;
		};
		6A1D1DA12910A59C0087410A /* Debug */ = {
			isa = XCBuildConfiguration;
			baseConfigurationReference = 5E58EF225E7C1B14CA4130C0 /* Pods-SeeShowTests.debug.xcconfig */;
			buildSettings = {
				ALWAYS_EMBED_SWIFT_STANDARD_LIBRARIES = YES;
				BUNDLE_LOADER = "$(TEST_HOST)";
				CODE_SIGN_STYLE = Automatic;
				CURRENT_PROJECT_VERSION = 1;
				DEVELOPMENT_TEAM = 34JS69S5XZ;
				GENERATE_INFOPLIST_FILE = YES;
				IPHONEOS_DEPLOYMENT_TARGET = 16.0;
				MARKETING_VERSION = 1.0;
				PRODUCT_BUNDLE_IDENTIFIER = ekko.SeeShowTests;
				PRODUCT_NAME = "$(TARGET_NAME)";
				SWIFT_EMIT_LOC_STRINGS = NO;
				SWIFT_VERSION = 5.0;
				TARGETED_DEVICE_FAMILY = "1,2";
				TEST_HOST = "$(BUILT_PRODUCTS_DIR)/SeeShow.app/$(BUNDLE_EXECUTABLE_FOLDER_PATH)/SeeShow";
			};
			name = Debug;
		};
		6A1D1DA22910A59C0087410A /* Release */ = {
			isa = XCBuildConfiguration;
			baseConfigurationReference = 1C06B5ECCC226B43BAC44BBC /* Pods-SeeShowTests.release.xcconfig */;
			buildSettings = {
				ALWAYS_EMBED_SWIFT_STANDARD_LIBRARIES = YES;
				BUNDLE_LOADER = "$(TEST_HOST)";
				CODE_SIGN_STYLE = Automatic;
				CURRENT_PROJECT_VERSION = 1;
				DEVELOPMENT_TEAM = 34JS69S5XZ;
				GENERATE_INFOPLIST_FILE = YES;
				IPHONEOS_DEPLOYMENT_TARGET = 16.0;
				MARKETING_VERSION = 1.0;
				PRODUCT_BUNDLE_IDENTIFIER = ekko.SeeShowTests;
				PRODUCT_NAME = "$(TARGET_NAME)";
				SWIFT_EMIT_LOC_STRINGS = NO;
				SWIFT_VERSION = 5.0;
				TARGETED_DEVICE_FAMILY = "1,2";
				TEST_HOST = "$(BUILT_PRODUCTS_DIR)/SeeShow.app/$(BUNDLE_EXECUTABLE_FOLDER_PATH)/SeeShow";
			};
			name = Release;
		};
		6A1D1DA42910A59C0087410A /* Debug */ = {
			isa = XCBuildConfiguration;
			baseConfigurationReference = 2F05B822CE2551443A8DF643 /* Pods-SeeShow-SeeShowUITests.debug.xcconfig */;
			buildSettings = {
				ALWAYS_EMBED_SWIFT_STANDARD_LIBRARIES = YES;
				CODE_SIGN_STYLE = Automatic;
				CURRENT_PROJECT_VERSION = 1;
				DEVELOPMENT_TEAM = 34JS69S5XZ;
				GENERATE_INFOPLIST_FILE = YES;
				MARKETING_VERSION = 1.0;
				PRODUCT_BUNDLE_IDENTIFIER = ekko.SeeShowUITests;
				PRODUCT_NAME = "$(TARGET_NAME)";
				SWIFT_EMIT_LOC_STRINGS = NO;
				SWIFT_VERSION = 5.0;
				TARGETED_DEVICE_FAMILY = "1,2";
				TEST_TARGET_NAME = SeeShow;
			};
			name = Debug;
		};
		6A1D1DA52910A59C0087410A /* Release */ = {
			isa = XCBuildConfiguration;
			baseConfigurationReference = E1836D833A690C45290EC671 /* Pods-SeeShow-SeeShowUITests.release.xcconfig */;
			buildSettings = {
				ALWAYS_EMBED_SWIFT_STANDARD_LIBRARIES = YES;
				CODE_SIGN_STYLE = Automatic;
				CURRENT_PROJECT_VERSION = 1;
				DEVELOPMENT_TEAM = 34JS69S5XZ;
				GENERATE_INFOPLIST_FILE = YES;
				MARKETING_VERSION = 1.0;
				PRODUCT_BUNDLE_IDENTIFIER = ekko.SeeShowUITests;
				PRODUCT_NAME = "$(TARGET_NAME)";
				SWIFT_EMIT_LOC_STRINGS = NO;
				SWIFT_VERSION = 5.0;
				TARGETED_DEVICE_FAMILY = "1,2";
				TEST_TARGET_NAME = SeeShow;
			};
			name = Release;
		};
/* End XCBuildConfiguration section */

/* Begin XCConfigurationList section */
		6A1D1D6E2910A59B0087410A /* Build configuration list for PBXProject "SeeShow" */ = {
			isa = XCConfigurationList;
			buildConfigurations = (
				6A1D1D9B2910A59C0087410A /* Debug */,
				6A1D1D9C2910A59C0087410A /* Release */,
			);
			defaultConfigurationIsVisible = 0;
			defaultConfigurationName = Release;
		};
		6A1D1D9D2910A59C0087410A /* Build configuration list for PBXNativeTarget "SeeShow" */ = {
			isa = XCConfigurationList;
			buildConfigurations = (
				6A1D1D9E2910A59C0087410A /* Debug */,
				6A1D1D9F2910A59C0087410A /* Release */,
			);
			defaultConfigurationIsVisible = 0;
			defaultConfigurationName = Release;
		};
		6A1D1DA02910A59C0087410A /* Build configuration list for PBXNativeTarget "SeeShowTests" */ = {
			isa = XCConfigurationList;
			buildConfigurations = (
				6A1D1DA12910A59C0087410A /* Debug */,
				6A1D1DA22910A59C0087410A /* Release */,
			);
			defaultConfigurationIsVisible = 0;
			defaultConfigurationName = Release;
		};
		6A1D1DA32910A59C0087410A /* Build configuration list for PBXNativeTarget "SeeShowUITests" */ = {
			isa = XCConfigurationList;
			buildConfigurations = (
				6A1D1DA42910A59C0087410A /* Debug */,
				6A1D1DA52910A59C0087410A /* Release */,
			);
			defaultConfigurationIsVisible = 0;
			defaultConfigurationName = Release;
		};
/* End XCConfigurationList section */
	};
	rootObject = 6A1D1D6B2910A59B0087410A /* Project object */;
}
